// !$*UTF8*$!
{
	archiveVersion = 1;
	classes = {
	};
	objectVersion = 46;
	objects = {

/* Begin PBXBuildFile section */
		97C4B00BAF4207E79EA7381E /* libPods.a in Frameworks */ = {isa = PBXBuildFile; fileRef = CC2A61BE728174A0287C24BD /* libPods.a */; };
		FD21CFA31C1BBFCC00CF8550 /* CDUserFactory.m in Sources */ = {isa = PBXBuildFile; fileRef = FD21CFA01C1BBFCC00CF8550 /* CDUserFactory.m */; };
		FD21CFA61C1BC09200CF8550 /* ChatListController.m in Sources */ = {isa = PBXBuildFile; fileRef = FD21CFA51C1BC09200CF8550 /* ChatListController.m */; };
		FD29B32A1C111B9100B68C6C /* YingyingTests.m in Sources */ = {isa = PBXBuildFile; fileRef = FD29B3291C111B9100B68C6C /* YingyingTests.m */; };
		FD29B3351C111B9100B68C6C /* YingyingUITests.m in Sources */ = {isa = PBXBuildFile; fileRef = FD29B3341C111B9100B68C6C /* YingyingUITests.m */; };
		FD29B3551C111C4A00B68C6C /* AppDelegate.m in Sources */ = {isa = PBXBuildFile; fileRef = FD29B3481C111C4A00B68C6C /* AppDelegate.m */; };
		FD29B3561C111C4A00B68C6C /* Assets.xcassets in Resources */ = {isa = PBXBuildFile; fileRef = FD29B3491C111C4A00B68C6C /* Assets.xcassets */; };
		FD29B3571C111C4A00B68C6C /* LaunchScreen.storyboard in Resources */ = {isa = PBXBuildFile; fileRef = FD29B34A1C111C4A00B68C6C /* LaunchScreen.storyboard */; };
		FD29B3581C111C4A00B68C6C /* Main.storyboard in Resources */ = {isa = PBXBuildFile; fileRef = FD29B34C1C111C4A00B68C6C /* Main.storyboard */; };
		FD29B3591C111C4A00B68C6C /* FirstViewController.m in Sources */ = {isa = PBXBuildFile; fileRef = FD29B34F1C111C4A00B68C6C /* FirstViewController.m */; };
		FD29B35B1C111C4A00B68C6C /* main.m in Sources */ = {isa = PBXBuildFile; fileRef = FD29B3511C111C4A00B68C6C /* main.m */; };
		FD29B35C1C111C4A00B68C6C /* SecondViewController.m in Sources */ = {isa = PBXBuildFile; fileRef = FD29B3531C111C4A00B68C6C /* SecondViewController.m */; };
		FD29B3751C112FDC00B68C6C /* LYTypeEncoding.m in Sources */ = {isa = PBXBuildFile; fileRef = FD29B35F1C112FDC00B68C6C /* LYTypeEncoding.m */; };
		FD29B3761C112FDC00B68C6C /* NSDictionary+LYDictToObject.m in Sources */ = {isa = PBXBuildFile; fileRef = FD29B3611C112FDC00B68C6C /* NSDictionary+LYDictToObject.m */; };
		FD29B3771C112FDC00B68C6C /* NSObject+LYTypeConversion.m in Sources */ = {isa = PBXBuildFile; fileRef = FD29B3631C112FDC00B68C6C /* NSObject+LYTypeConversion.m */; };
		FD29B3781C112FDC00B68C6C /* MJRefresh.bundle in Resources */ = {isa = PBXBuildFile; fileRef = FD29B3651C112FDC00B68C6C /* MJRefresh.bundle */; };
		FD29B3791C112FDC00B68C6C /* MJRefreshBaseView.m in Sources */ = {isa = PBXBuildFile; fileRef = FD29B3681C112FDC00B68C6C /* MJRefreshBaseView.m */; };
		FD29B37A1C112FDC00B68C6C /* MJRefreshConst.m in Sources */ = {isa = PBXBuildFile; fileRef = FD29B36A1C112FDC00B68C6C /* MJRefreshConst.m */; };
		FD29B37B1C112FDC00B68C6C /* MJRefreshFooterView.m in Sources */ = {isa = PBXBuildFile; fileRef = FD29B36C1C112FDC00B68C6C /* MJRefreshFooterView.m */; };
		FD29B37C1C112FDC00B68C6C /* MJRefreshHeaderView.m in Sources */ = {isa = PBXBuildFile; fileRef = FD29B36E1C112FDC00B68C6C /* MJRefreshHeaderView.m */; };
		FD29B37D1C112FDC00B68C6C /* UIScrollView+MJExtension.m in Sources */ = {isa = PBXBuildFile; fileRef = FD29B3701C112FDC00B68C6C /* UIScrollView+MJExtension.m */; };
		FD29B37E1C112FDC00B68C6C /* UIScrollView+MJRefresh.m in Sources */ = {isa = PBXBuildFile; fileRef = FD29B3721C112FDC00B68C6C /* UIScrollView+MJRefresh.m */; };
		FD29B37F1C112FDC00B68C6C /* UIView+MJExtension.m in Sources */ = {isa = PBXBuildFile; fileRef = FD29B3741C112FDC00B68C6C /* UIView+MJExtension.m */; };
		FD29B3821C1130BC00B68C6C /* BaseModel.m in Sources */ = {isa = PBXBuildFile; fileRef = FD29B3811C1130BC00B68C6C /* BaseModel.m */; };
		FD29B38F1C1135DC00B68C6C /* AroundViewController.m in Sources */ = {isa = PBXBuildFile; fileRef = FD29B38E1C1135DC00B68C6C /* AroundViewController.m */; };
		FD29B3B21C113BC600B68C6C /* ForMap.mm in Sources */ = {isa = PBXBuildFile; fileRef = FD29B3B11C113BC600B68C6C /* ForMap.mm */; };
		FD29B3C21C1159D800B68C6C /* AroundMessageController.m in Sources */ = {isa = PBXBuildFile; fileRef = FD29B3BD1C1159D800B68C6C /* AroundMessageController.m */; };
		FD29B3C31C1159D800B68C6C /* AroundMapController.m in Sources */ = {isa = PBXBuildFile; fileRef = FD29B3C01C1159D800B68C6C /* AroundMapController.m */; };
		FD29B3C41C1159D800B68C6C /* CustomMapView.xib in Resources */ = {isa = PBXBuildFile; fileRef = FD29B3C11C1159D800B68C6C /* CustomMapView.xib */; };
		FD29B3C71C1161F400B68C6C /* ModelDistributionController.m in Sources */ = {isa = PBXBuildFile; fileRef = FD29B3C61C1161F400B68C6C /* ModelDistributionController.m */; };
		FD29B3D11C116DF600B68C6C /* FinanceViewController.m in Sources */ = {isa = PBXBuildFile; fileRef = FD29B3D01C116DF600B68C6C /* FinanceViewController.m */; };
		FD29B3D61C11727600B68C6C /* FinanceBillController.m in Sources */ = {isa = PBXBuildFile; fileRef = FD29B3D51C11727600B68C6C /* FinanceBillController.m */; };
		FD29B3D91C1173B500B68C6C /* YingPlanTableViewController.m in Sources */ = {isa = PBXBuildFile; fileRef = FD29B3D81C1173B500B68C6C /* YingPlanTableViewController.m */; };
		FD29B3DD1C1177D200B68C6C /* MyCenterTableViewController.m in Sources */ = {isa = PBXBuildFile; fileRef = FD29B3DC1C1177D200B68C6C /* MyCenterTableViewController.m */; };
		FD29B3E01C1194CC00B68C6C /* MyCashViewController.m in Sources */ = {isa = PBXBuildFile; fileRef = FD29B3DF1C1194CC00B68C6C /* MyCashViewController.m */; };
		FD405F2E1C16C23D00DB6F0A /* PersonalHomePageController.m in Sources */ = {isa = PBXBuildFile; fileRef = FD405F2D1C16C23D00DB6F0A /* PersonalHomePageController.m */; };
		FD405F311C182E2A00DB6F0A /* PersonalHomePageViewModel.m in Sources */ = {isa = PBXBuildFile; fileRef = FD405F301C182E2A00DB6F0A /* PersonalHomePageViewModel.m */; };
		FD405F341C1903A600DB6F0A /* LYBaseNavigationController.m in Sources */ = {isa = PBXBuildFile; fileRef = FD405F331C1903A600DB6F0A /* LYBaseNavigationController.m */; };
		FD405F371C19061A00DB6F0A /* LYBaseTabBarController.m in Sources */ = {isa = PBXBuildFile; fileRef = FD405F361C19061A00DB6F0A /* LYBaseTabBarController.m */; };
		FD405F501C190B6600DB6F0A /* tab_chat_normal.png in Resources */ = {isa = PBXBuildFile; fileRef = FD405F4E1C190B6600DB6F0A /* tab_chat_normal.png */; };
		FD405F5A1C190CCB00DB6F0A /* tab_around_normal.png in Resources */ = {isa = PBXBuildFile; fileRef = FD405F521C190CCB00DB6F0A /* tab_around_normal.png */; };
		FD405F5C1C190CCB00DB6F0A /* tab_finance_normal.png in Resources */ = {isa = PBXBuildFile; fileRef = FD405F541C190CCB00DB6F0A /* tab_finance_normal.png */; };
		FD405F5E1C190CCB00DB6F0A /* tab_mycenter_normal.png in Resources */ = {isa = PBXBuildFile; fileRef = FD405F561C190CCB00DB6F0A /* tab_mycenter_normal.png */; };
		FD405F6A1C19163C00DB6F0A /* tab_around_normal@2x.png in Resources */ = {isa = PBXBuildFile; fileRef = FD405F661C19163C00DB6F0A /* tab_around_normal@2x.png */; };
		FD405F6B1C19163C00DB6F0A /* tab_chat_normal@2x.png in Resources */ = {isa = PBXBuildFile; fileRef = FD405F671C19163C00DB6F0A /* tab_chat_normal@2x.png */; };
		FD405F6C1C19163C00DB6F0A /* tab_finance_normal@2x.png in Resources */ = {isa = PBXBuildFile; fileRef = FD405F681C19163C00DB6F0A /* tab_finance_normal@2x.png */; };
		FD405F6D1C19163C00DB6F0A /* tab_mycenter_normal@2x.png in Resources */ = {isa = PBXBuildFile; fileRef = FD405F691C19163C00DB6F0A /* tab_mycenter_normal@2x.png */; };
		FD405F701C1917C100DB6F0A /* LYColor.m in Sources */ = {isa = PBXBuildFile; fileRef = FD405F6F1C1917C100DB6F0A /* LYColor.m */; };
		FD4799ED1C1A73B200ED3D62 /* distribution_add_button.png in Resources */ = {isa = PBXBuildFile; fileRef = FD4799EB1C1A73B200ED3D62 /* distribution_add_button.png */; };
		FD4799EE1C1A73B200ED3D62 /* distribution_location.png in Resources */ = {isa = PBXBuildFile; fileRef = FD4799EC1C1A73B200ED3D62 /* distribution_location.png */; };
		FD4799F11C1A78DE00ED3D62 /* LYBaseImageViewController.m in Sources */ = {isa = PBXBuildFile; fileRef = FD4799F01C1A78DE00ED3D62 /* LYBaseImageViewController.m */; };
		FD4799F41C1A7A5100ED3D62 /* LYBaseSelectImageView.m in Sources */ = {isa = PBXBuildFile; fileRef = FD4799F31C1A7A5100ED3D62 /* LYBaseSelectImageView.m */; };
		FD4BA8C51C11C5DE00A69F90 /* MyInvestmentViewController.m in Sources */ = {isa = PBXBuildFile; fileRef = FD4BA8C41C11C5DE00A69F90 /* MyInvestmentViewController.m */; };
		FD4BA8C81C127E6700A69F90 /* MyMessageTableViewController.m in Sources */ = {isa = PBXBuildFile; fileRef = FD4BA8C71C127E6700A69F90 /* MyMessageTableViewController.m */; };
		FD4BA8CC1C12834400A69F90 /* MyLoanController.m in Sources */ = {isa = PBXBuildFile; fileRef = FD4BA8CB1C12834400A69F90 /* MyLoanController.m */; };
		FD4BA8CF1C12841700A69F90 /* MyLoanDetailController.m in Sources */ = {isa = PBXBuildFile; fileRef = FD4BA8CE1C12841700A69F90 /* MyLoanDetailController.m */; };
		FD4BA8D31C128F3C00A69F90 /* MySettingTableViewController.m in Sources */ = {isa = PBXBuildFile; fileRef = FD4BA8D21C128F3C00A69F90 /* MySettingTableViewController.m */; };
		FD4BA8D91C12F5B500A69F90 /* NSObject+LYUITipsView.m in Sources */ = {isa = PBXBuildFile; fileRef = FD4BA8D81C12F5B400A69F90 /* NSObject+LYUITipsView.m */; };
		FD4BA8DC1C13075A00A69F90 /* AroundMessageDetailController.m in Sources */ = {isa = PBXBuildFile; fileRef = FD4BA8DB1C13075A00A69F90 /* AroundMessageDetailController.m */; };
		FD4BA8E01C13135500A69F90 /* MyTransferTableViewController.m in Sources */ = {isa = PBXBuildFile; fileRef = FD4BA8DF1C13135500A69F90 /* MyTransferTableViewController.m */; };
		FD4BA8E31C13139C00A69F90 /* MyTransferViewModel.m in Sources */ = {isa = PBXBuildFile; fileRef = FD4BA8E21C13139C00A69F90 /* MyTransferViewModel.m */; };
		FD4BA8E61C13141B00A69F90 /* Yingying.m in Sources */ = {isa = PBXBuildFile; fileRef = FD4BA8E51C13141B00A69F90 /* Yingying.m */; };
		FD5E20F41C199279003914F7 /* icon_message_detail_buy.png in Resources */ = {isa = PBXBuildFile; fileRef = FD5E20F01C199279003914F7 /* icon_message_detail_buy.png */; };
		FD5E20F51C199279003914F7 /* icon_message_detail_comment.png in Resources */ = {isa = PBXBuildFile; fileRef = FD5E20F11C199279003914F7 /* icon_message_detail_comment.png */; };
		FD5E20F61C199279003914F7 /* icon_message_detail_favorite.png in Resources */ = {isa = PBXBuildFile; fileRef = FD5E20F21C199279003914F7 /* icon_message_detail_favorite.png */; };
		FD5E20F71C199279003914F7 /* icon_message_detail_favorited.png in Resources */ = {isa = PBXBuildFile; fileRef = FD5E20F31C199279003914F7 /* icon_message_detail_favorited.png */; };
		FD61602B1C15210E00B73304 /* MapInfoModel.m in Sources */ = {isa = PBXBuildFile; fileRef = FD61602A1C15210E00B73304 /* MapInfoModel.m */; };
		FD90EF561C158975005545DF /* LoginViewController.m in Sources */ = {isa = PBXBuildFile; fileRef = FD90EF551C158975005545DF /* LoginViewController.m */; };
		FD94626B1C1976AF0063E4F2 /* icon_message_comments.png in Resources */ = {isa = PBXBuildFile; fileRef = FD9462691C1976AF0063E4F2 /* icon_message_comments.png */; };
		FD94626C1C1976AF0063E4F2 /* icon_message_trans.png in Resources */ = {isa = PBXBuildFile; fileRef = FD94626A1C1976AF0063E4F2 /* icon_message_trans.png */; };
		FD9686D11C1AD11800D7F778 /* distribution_cancel.png in Resources */ = {isa = PBXBuildFile; fileRef = FD9686D01C1AD11800D7F778 /* distribution_cancel.png */; };
		FD9686D31C1AD49300D7F778 /* icon_message_detail_pay.png in Resources */ = {isa = PBXBuildFile; fileRef = FD9686D21C1AD49300D7F778 /* icon_message_detail_pay.png */; };
		FD9686D51C1AD4ED00D7F778 /* icon_message_detail_coupon.png in Resources */ = {isa = PBXBuildFile; fileRef = FD9686D41C1AD4ED00D7F778 /* icon_message_detail_coupon.png */; };
		FD9686D71C1AE25000D7F778 /* icon_right_arrow.png in Resources */ = {isa = PBXBuildFile; fileRef = FD9686D61C1AE25000D7F778 /* icon_right_arrow.png */; };
		FD9686DB1C1AE42800D7F778 /* AroundPayController.m in Sources */ = {isa = PBXBuildFile; fileRef = FD9686DA1C1AE42800D7F778 /* AroundPayController.m */; };
		FD9686DD1C1AE89300D7F778 /* icon_distribution.png in Resources */ = {isa = PBXBuildFile; fileRef = FD9686DC1C1AE89300D7F778 /* icon_distribution.png */; };
		FD9686E11C1AEA8600D7F778 /* MineViewController.m in Sources */ = {isa = PBXBuildFile; fileRef = FD9686E01C1AEA8600D7F778 /* MineViewController.m */; };
		FD9A8EE21C191F1900D9EC9C /* icon_map_leading.png in Resources */ = {isa = PBXBuildFile; fileRef = FD9A8EE01C191F1900D9EC9C /* icon_map_leading.png */; };
		FD9A8EE31C191F1900D9EC9C /* icon_map_mining.png in Resources */ = {isa = PBXBuildFile; fileRef = FD9A8EE11C191F1900D9EC9C /* icon_map_mining.png */; };
		FD9A8EE81C1920C900D9EC9C /* map_avatar.png in Resources */ = {isa = PBXBuildFile; fileRef = FD9A8EE41C1920C900D9EC9C /* map_avatar.png */; };
		FD9A8EE91C1920C900D9EC9C /* map_man_location.png in Resources */ = {isa = PBXBuildFile; fileRef = FD9A8EE51C1920C900D9EC9C /* map_man_location.png */; };
		FD9A8EEA1C1920C900D9EC9C /* map_myself_location.png in Resources */ = {isa = PBXBuildFile; fileRef = FD9A8EE61C1920C900D9EC9C /* map_myself_location.png */; };
		FD9A8EEB1C1920C900D9EC9C /* map_woman_location.png in Resources */ = {isa = PBXBuildFile; fileRef = FD9A8EE71C1920C900D9EC9C /* map_woman_location.png */; };
		FD9A8EED1C19347B00D9EC9C /* test_white.png in Resources */ = {isa = PBXBuildFile; fileRef = FD9A8EEC1C19347B00D9EC9C /* test_white.png */; };
		FD9A8EF01C193B5B00D9EC9C /* LYAnnotationView.m in Sources */ = {isa = PBXBuildFile; fileRef = FD9A8EEF1C193B5B00D9EC9C /* LYAnnotationView.m */; };
		FD9F93301C195073003C2EEC /* icon_distribution_mood.png in Resources */ = {isa = PBXBuildFile; fileRef = FD9F932E1C195073003C2EEC /* icon_distribution_mood.png */; };
		FD9F93311C195073003C2EEC /* icon_distribution_res.png in Resources */ = {isa = PBXBuildFile; fileRef = FD9F932F1C195073003C2EEC /* icon_distribution_res.png */; };
		FDA679BD1C1A7D5100FC8D9F /* DistributionResViewModel.m in Sources */ = {isa = PBXBuildFile; fileRef = FDA679BC1C1A7D5100FC8D9F /* DistributionResViewModel.m */; };
		FDF532251C13C5F900B779E6 /* DistributionMoodController.m in Sources */ = {isa = PBXBuildFile; fileRef = FDF532221C13C5F900B779E6 /* DistributionMoodController.m */; };
		FDF532261C13C5F900B779E6 /* DistributionResController.m in Sources */ = {isa = PBXBuildFile; fileRef = FDF532241C13C5F900B779E6 /* DistributionResController.m */; };
		FDF532291C1435C000B779E6 /* DistributionMoodViewModel.m in Sources */ = {isa = PBXBuildFile; fileRef = FDF532281C1435C000B779E6 /* DistributionMoodViewModel.m */; };
/* End PBXBuildFile section */

/* Begin PBXContainerItemProxy section */
		FD29B3261C111B9100B68C6C /* PBXContainerItemProxy */ = {
			isa = PBXContainerItemProxy;
			containerPortal = FD29B3011C111B9000B68C6C /* Project object */;
			proxyType = 1;
			remoteGlobalIDString = FD29B3081C111B9100B68C6C;
			remoteInfo = Yingying;
		};
		FD29B3311C111B9100B68C6C /* PBXContainerItemProxy */ = {
			isa = PBXContainerItemProxy;
			containerPortal = FD29B3011C111B9000B68C6C /* Project object */;
			proxyType = 1;
			remoteGlobalIDString = FD29B3081C111B9100B68C6C;
			remoteInfo = Yingying;
		};
/* End PBXContainerItemProxy section */

/* Begin PBXFileReference section */
		2E25BA45A4DE8BEE871D6E1F /* Pods.release.xcconfig */ = {isa = PBXFileReference; includeInIndex = 1; lastKnownFileType = text.xcconfig; name = Pods.release.xcconfig; path = "Pods/Target Support Files/Pods/Pods.release.xcconfig"; sourceTree = "<group>"; };
		560E10B102FADF679D47C07C /* Pods.debug.xcconfig */ = {isa = PBXFileReference; includeInIndex = 1; lastKnownFileType = text.xcconfig; name = Pods.debug.xcconfig; path = "Pods/Target Support Files/Pods/Pods.debug.xcconfig"; sourceTree = "<group>"; };
		CC2A61BE728174A0287C24BD /* libPods.a */ = {isa = PBXFileReference; explicitFileType = archive.ar; includeInIndex = 0; path = libPods.a; sourceTree = BUILT_PRODUCTS_DIR; };
		FD21CF9F1C1BBFCC00CF8550 /* CDUserFactory.h */ = {isa = PBXFileReference; fileEncoding = 4; lastKnownFileType = sourcecode.c.h; path = CDUserFactory.h; sourceTree = "<group>"; };
		FD21CFA01C1BBFCC00CF8550 /* CDUserFactory.m */ = {isa = PBXFileReference; fileEncoding = 4; lastKnownFileType = sourcecode.c.objc; path = CDUserFactory.m; sourceTree = "<group>"; };
		FD21CFA41C1BC09200CF8550 /* ChatListController.h */ = {isa = PBXFileReference; fileEncoding = 4; lastKnownFileType = sourcecode.c.h; path = ChatListController.h; sourceTree = "<group>"; };
		FD21CFA51C1BC09200CF8550 /* ChatListController.m */ = {isa = PBXFileReference; fileEncoding = 4; lastKnownFileType = sourcecode.c.objc; path = ChatListController.m; sourceTree = "<group>"; };
		FD29B3091C111B9100B68C6C /* Yingying.app */ = {isa = PBXFileReference; explicitFileType = wrapper.application; includeInIndex = 0; path = Yingying.app; sourceTree = BUILT_PRODUCTS_DIR; };
		FD29B3251C111B9100B68C6C /* YingyingTests.xctest */ = {isa = PBXFileReference; explicitFileType = wrapper.cfbundle; includeInIndex = 0; path = YingyingTests.xctest; sourceTree = BUILT_PRODUCTS_DIR; };
		FD29B3291C111B9100B68C6C /* YingyingTests.m */ = {isa = PBXFileReference; lastKnownFileType = sourcecode.c.objc; path = YingyingTests.m; sourceTree = "<group>"; };
		FD29B32B1C111B9100B68C6C /* Info.plist */ = {isa = PBXFileReference; lastKnownFileType = text.plist.xml; path = Info.plist; sourceTree = "<group>"; };
		FD29B3301C111B9100B68C6C /* YingyingUITests.xctest */ = {isa = PBXFileReference; explicitFileType = wrapper.cfbundle; includeInIndex = 0; path = YingyingUITests.xctest; sourceTree = BUILT_PRODUCTS_DIR; };
		FD29B3341C111B9100B68C6C /* YingyingUITests.m */ = {isa = PBXFileReference; lastKnownFileType = sourcecode.c.objc; path = YingyingUITests.m; sourceTree = "<group>"; };
		FD29B3361C111B9100B68C6C /* Info.plist */ = {isa = PBXFileReference; lastKnownFileType = text.plist.xml; path = Info.plist; sourceTree = "<group>"; };
		FD29B3471C111C4A00B68C6C /* AppDelegate.h */ = {isa = PBXFileReference; fileEncoding = 4; lastKnownFileType = sourcecode.c.h; path = AppDelegate.h; sourceTree = "<group>"; };
		FD29B3481C111C4A00B68C6C /* AppDelegate.m */ = {isa = PBXFileReference; fileEncoding = 4; lastKnownFileType = sourcecode.c.objc; path = AppDelegate.m; sourceTree = "<group>"; };
		FD29B3491C111C4A00B68C6C /* Assets.xcassets */ = {isa = PBXFileReference; lastKnownFileType = folder.assetcatalog; path = Assets.xcassets; sourceTree = "<group>"; };
		FD29B34B1C111C4A00B68C6C /* Base */ = {isa = PBXFileReference; lastKnownFileType = file.storyboard; name = Base; path = Base.lproj/LaunchScreen.storyboard; sourceTree = "<group>"; };
		FD29B34D1C111C4A00B68C6C /* Base */ = {isa = PBXFileReference; lastKnownFileType = file.storyboard; name = Base; path = Base.lproj/Main.storyboard; sourceTree = "<group>"; };
		FD29B34E1C111C4A00B68C6C /* FirstViewController.h */ = {isa = PBXFileReference; fileEncoding = 4; lastKnownFileType = sourcecode.c.h; path = FirstViewController.h; sourceTree = "<group>"; };
		FD29B34F1C111C4A00B68C6C /* FirstViewController.m */ = {isa = PBXFileReference; fileEncoding = 4; lastKnownFileType = sourcecode.c.objc; path = FirstViewController.m; sourceTree = "<group>"; };
		FD29B3511C111C4A00B68C6C /* main.m */ = {isa = PBXFileReference; fileEncoding = 4; lastKnownFileType = sourcecode.c.objc; path = main.m; sourceTree = "<group>"; };
		FD29B3521C111C4A00B68C6C /* SecondViewController.h */ = {isa = PBXFileReference; fileEncoding = 4; lastKnownFileType = sourcecode.c.h; path = SecondViewController.h; sourceTree = "<group>"; };
		FD29B3531C111C4A00B68C6C /* SecondViewController.m */ = {isa = PBXFileReference; fileEncoding = 4; lastKnownFileType = sourcecode.c.objc; path = SecondViewController.m; sourceTree = "<group>"; };
		FD29B35E1C112FDC00B68C6C /* LYTypeEncoding.h */ = {isa = PBXFileReference; fileEncoding = 4; lastKnownFileType = sourcecode.c.h; path = LYTypeEncoding.h; sourceTree = "<group>"; };
		FD29B35F1C112FDC00B68C6C /* LYTypeEncoding.m */ = {isa = PBXFileReference; fileEncoding = 4; lastKnownFileType = sourcecode.c.objc; path = LYTypeEncoding.m; sourceTree = "<group>"; };
		FD29B3601C112FDC00B68C6C /* NSDictionary+LYDictToObject.h */ = {isa = PBXFileReference; fileEncoding = 4; lastKnownFileType = sourcecode.c.h; path = "NSDictionary+LYDictToObject.h"; sourceTree = "<group>"; };
		FD29B3611C112FDC00B68C6C /* NSDictionary+LYDictToObject.m */ = {isa = PBXFileReference; fileEncoding = 4; lastKnownFileType = sourcecode.c.objc; path = "NSDictionary+LYDictToObject.m"; sourceTree = "<group>"; };
		FD29B3621C112FDC00B68C6C /* NSObject+LYTypeConversion.h */ = {isa = PBXFileReference; fileEncoding = 4; lastKnownFileType = sourcecode.c.h; path = "NSObject+LYTypeConversion.h"; sourceTree = "<group>"; };
		FD29B3631C112FDC00B68C6C /* NSObject+LYTypeConversion.m */ = {isa = PBXFileReference; fileEncoding = 4; lastKnownFileType = sourcecode.c.objc; path = "NSObject+LYTypeConversion.m"; sourceTree = "<group>"; };
		FD29B3651C112FDC00B68C6C /* MJRefresh.bundle */ = {isa = PBXFileReference; lastKnownFileType = "wrapper.plug-in"; path = MJRefresh.bundle; sourceTree = "<group>"; };
		FD29B3661C112FDC00B68C6C /* MJRefresh.h */ = {isa = PBXFileReference; fileEncoding = 4; lastKnownFileType = sourcecode.c.h; path = MJRefresh.h; sourceTree = "<group>"; };
		FD29B3671C112FDC00B68C6C /* MJRefreshBaseView.h */ = {isa = PBXFileReference; fileEncoding = 4; lastKnownFileType = sourcecode.c.h; path = MJRefreshBaseView.h; sourceTree = "<group>"; };
		FD29B3681C112FDC00B68C6C /* MJRefreshBaseView.m */ = {isa = PBXFileReference; fileEncoding = 4; lastKnownFileType = sourcecode.c.objc; path = MJRefreshBaseView.m; sourceTree = "<group>"; };
		FD29B3691C112FDC00B68C6C /* MJRefreshConst.h */ = {isa = PBXFileReference; fileEncoding = 4; lastKnownFileType = sourcecode.c.h; path = MJRefreshConst.h; sourceTree = "<group>"; };
		FD29B36A1C112FDC00B68C6C /* MJRefreshConst.m */ = {isa = PBXFileReference; fileEncoding = 4; lastKnownFileType = sourcecode.c.objc; path = MJRefreshConst.m; sourceTree = "<group>"; };
		FD29B36B1C112FDC00B68C6C /* MJRefreshFooterView.h */ = {isa = PBXFileReference; fileEncoding = 4; lastKnownFileType = sourcecode.c.h; path = MJRefreshFooterView.h; sourceTree = "<group>"; };
		FD29B36C1C112FDC00B68C6C /* MJRefreshFooterView.m */ = {isa = PBXFileReference; fileEncoding = 4; lastKnownFileType = sourcecode.c.objc; path = MJRefreshFooterView.m; sourceTree = "<group>"; };
		FD29B36D1C112FDC00B68C6C /* MJRefreshHeaderView.h */ = {isa = PBXFileReference; fileEncoding = 4; lastKnownFileType = sourcecode.c.h; path = MJRefreshHeaderView.h; sourceTree = "<group>"; };
		FD29B36E1C112FDC00B68C6C /* MJRefreshHeaderView.m */ = {isa = PBXFileReference; fileEncoding = 4; lastKnownFileType = sourcecode.c.objc; path = MJRefreshHeaderView.m; sourceTree = "<group>"; };
		FD29B36F1C112FDC00B68C6C /* UIScrollView+MJExtension.h */ = {isa = PBXFileReference; fileEncoding = 4; lastKnownFileType = sourcecode.c.h; path = "UIScrollView+MJExtension.h"; sourceTree = "<group>"; };
		FD29B3701C112FDC00B68C6C /* UIScrollView+MJExtension.m */ = {isa = PBXFileReference; fileEncoding = 4; lastKnownFileType = sourcecode.c.objc; path = "UIScrollView+MJExtension.m"; sourceTree = "<group>"; };
		FD29B3711C112FDC00B68C6C /* UIScrollView+MJRefresh.h */ = {isa = PBXFileReference; fileEncoding = 4; lastKnownFileType = sourcecode.c.h; path = "UIScrollView+MJRefresh.h"; sourceTree = "<group>"; };
		FD29B3721C112FDC00B68C6C /* UIScrollView+MJRefresh.m */ = {isa = PBXFileReference; fileEncoding = 4; lastKnownFileType = sourcecode.c.objc; path = "UIScrollView+MJRefresh.m"; sourceTree = "<group>"; };
		FD29B3731C112FDC00B68C6C /* UIView+MJExtension.h */ = {isa = PBXFileReference; fileEncoding = 4; lastKnownFileType = sourcecode.c.h; path = "UIView+MJExtension.h"; sourceTree = "<group>"; };
		FD29B3741C112FDC00B68C6C /* UIView+MJExtension.m */ = {isa = PBXFileReference; fileEncoding = 4; lastKnownFileType = sourcecode.c.objc; path = "UIView+MJExtension.m"; sourceTree = "<group>"; };
		FD29B3801C1130BC00B68C6C /* BaseModel.h */ = {isa = PBXFileReference; fileEncoding = 4; lastKnownFileType = sourcecode.c.h; path = BaseModel.h; sourceTree = "<group>"; };
		FD29B3811C1130BC00B68C6C /* BaseModel.m */ = {isa = PBXFileReference; fileEncoding = 4; lastKnownFileType = sourcecode.c.objc; path = BaseModel.m; sourceTree = "<group>"; };
		FD29B38D1C1135DC00B68C6C /* AroundViewController.h */ = {isa = PBXFileReference; fileEncoding = 4; lastKnownFileType = sourcecode.c.h; path = AroundViewController.h; sourceTree = "<group>"; };
		FD29B38E1C1135DC00B68C6C /* AroundViewController.m */ = {isa = PBXFileReference; fileEncoding = 4; lastKnownFileType = sourcecode.c.objc; path = AroundViewController.m; sourceTree = "<group>"; };
		FD29B39A1C113AD700B68C6C /* libPods-AFNetworking.a */ = {isa = PBXFileReference; lastKnownFileType = archive.ar; name = "libPods-AFNetworking.a"; path = "Pods/../build/Debug-iphoneos/libPods-AFNetworking.a"; sourceTree = "<group>"; };
		FD29B39B1C113AD700B68C6C /* libPods-ReactiveCocoa.a */ = {isa = PBXFileReference; lastKnownFileType = archive.ar; name = "libPods-ReactiveCocoa.a"; path = "Pods/../build/Debug-iphoneos/libPods-ReactiveCocoa.a"; sourceTree = "<group>"; };
		FD29B39E1C113AE200B68C6C /* libsqlite3.tbd */ = {isa = PBXFileReference; lastKnownFileType = "sourcecode.text-based-dylib-definition"; name = libsqlite3.tbd; path = usr/lib/libsqlite3.tbd; sourceTree = SDKROOT; };
		FD29B3A01C113AFD00B68C6C /* CoreGraphics.framework */ = {isa = PBXFileReference; lastKnownFileType = wrapper.framework; name = CoreGraphics.framework; path = System/Library/Frameworks/CoreGraphics.framework; sourceTree = SDKROOT; };
		FD29B3A21C113B0500B68C6C /* QuartzCore.framework */ = {isa = PBXFileReference; lastKnownFileType = wrapper.framework; name = QuartzCore.framework; path = System/Library/Frameworks/QuartzCore.framework; sourceTree = SDKROOT; };
		FD29B3A41C113B0C00B68C6C /* MessageUI.framework */ = {isa = PBXFileReference; lastKnownFileType = wrapper.framework; name = MessageUI.framework; path = System/Library/Frameworks/MessageUI.framework; sourceTree = SDKROOT; };
		FD29B3A61C113B1600B68C6C /* CoreTelephony.framework */ = {isa = PBXFileReference; lastKnownFileType = wrapper.framework; name = CoreTelephony.framework; path = System/Library/Frameworks/CoreTelephony.framework; sourceTree = SDKROOT; };
		FD29B3A81C113B1E00B68C6C /* Security.framework */ = {isa = PBXFileReference; lastKnownFileType = wrapper.framework; name = Security.framework; path = System/Library/Frameworks/Security.framework; sourceTree = SDKROOT; };
		FD29B3AA1C113B2400B68C6C /* OpenGLES.framework */ = {isa = PBXFileReference; lastKnownFileType = wrapper.framework; name = OpenGLES.framework; path = System/Library/Frameworks/OpenGLES.framework; sourceTree = SDKROOT; };
		FD29B3AD1C113B6F00B68C6C /* LYNotifyCenter.h */ = {isa = PBXFileReference; fileEncoding = 4; lastKnownFileType = sourcecode.c.h; path = LYNotifyCenter.h; sourceTree = "<group>"; };
		FD29B3B11C113BC600B68C6C /* ForMap.mm */ = {isa = PBXFileReference; fileEncoding = 4; lastKnownFileType = sourcecode.cpp.objcpp; path = ForMap.mm; sourceTree = "<group>"; };
		FD29B3B31C113C1000B68C6C /* libstdc++.6.0.9.tbd */ = {isa = PBXFileReference; lastKnownFileType = "sourcecode.text-based-dylib-definition"; name = "libstdc++.6.0.9.tbd"; path = "usr/lib/libstdc++.6.0.9.tbd"; sourceTree = SDKROOT; };
		FD29B3B51C113C2000B68C6C /* CoreLocation.framework */ = {isa = PBXFileReference; lastKnownFileType = wrapper.framework; name = CoreLocation.framework; path = System/Library/Frameworks/CoreLocation.framework; sourceTree = SDKROOT; };
		FD29B3B71C113C3000B68C6C /* SystemConfiguration.framework */ = {isa = PBXFileReference; lastKnownFileType = wrapper.framework; name = SystemConfiguration.framework; path = System/Library/Frameworks/SystemConfiguration.framework; sourceTree = SDKROOT; };
		FD29B3BC1C1159D800B68C6C /* AroundMessageController.h */ = {isa = PBXFileReference; fileEncoding = 4; lastKnownFileType = sourcecode.c.h; path = AroundMessageController.h; sourceTree = "<group>"; };
		FD29B3BD1C1159D800B68C6C /* AroundMessageController.m */ = {isa = PBXFileReference; fileEncoding = 4; lastKnownFileType = sourcecode.c.objc; path = AroundMessageController.m; sourceTree = "<group>"; };
		FD29B3BF1C1159D800B68C6C /* AroundMapController.h */ = {isa = PBXFileReference; fileEncoding = 4; lastKnownFileType = sourcecode.c.h; path = AroundMapController.h; sourceTree = "<group>"; };
		FD29B3C01C1159D800B68C6C /* AroundMapController.m */ = {isa = PBXFileReference; fileEncoding = 4; lastKnownFileType = sourcecode.c.objc; path = AroundMapController.m; sourceTree = "<group>"; };
		FD29B3C11C1159D800B68C6C /* CustomMapView.xib */ = {isa = PBXFileReference; fileEncoding = 4; lastKnownFileType = file.xib; path = CustomMapView.xib; sourceTree = "<group>"; };
		FD29B3C51C1161F400B68C6C /* ModelDistributionController.h */ = {isa = PBXFileReference; fileEncoding = 4; lastKnownFileType = sourcecode.c.h; path = ModelDistributionController.h; sourceTree = "<group>"; };
		FD29B3C61C1161F400B68C6C /* ModelDistributionController.m */ = {isa = PBXFileReference; fileEncoding = 4; lastKnownFileType = sourcecode.c.objc; path = ModelDistributionController.m; sourceTree = "<group>"; };
		FD29B3CF1C116DF600B68C6C /* FinanceViewController.h */ = {isa = PBXFileReference; fileEncoding = 4; lastKnownFileType = sourcecode.c.h; path = FinanceViewController.h; sourceTree = "<group>"; };
		FD29B3D01C116DF600B68C6C /* FinanceViewController.m */ = {isa = PBXFileReference; fileEncoding = 4; lastKnownFileType = sourcecode.c.objc; path = FinanceViewController.m; sourceTree = "<group>"; };
		FD29B3D41C11727600B68C6C /* FinanceBillController.h */ = {isa = PBXFileReference; fileEncoding = 4; lastKnownFileType = sourcecode.c.h; name = FinanceBillController.h; path = Yingying/vc/finance/FinanceBillController.h; sourceTree = SOURCE_ROOT; };
		FD29B3D51C11727600B68C6C /* FinanceBillController.m */ = {isa = PBXFileReference; fileEncoding = 4; lastKnownFileType = sourcecode.c.objc; name = FinanceBillController.m; path = Yingying/vc/finance/FinanceBillController.m; sourceTree = SOURCE_ROOT; };
		FD29B3D71C1173B500B68C6C /* YingPlanTableViewController.h */ = {isa = PBXFileReference; fileEncoding = 4; lastKnownFileType = sourcecode.c.h; path = YingPlanTableViewController.h; sourceTree = "<group>"; };
		FD29B3D81C1173B500B68C6C /* YingPlanTableViewController.m */ = {isa = PBXFileReference; fileEncoding = 4; lastKnownFileType = sourcecode.c.objc; path = YingPlanTableViewController.m; sourceTree = "<group>"; };
		FD29B3DB1C1177D200B68C6C /* MyCenterTableViewController.h */ = {isa = PBXFileReference; fileEncoding = 4; lastKnownFileType = sourcecode.c.h; path = MyCenterTableViewController.h; sourceTree = "<group>"; };
		FD29B3DC1C1177D200B68C6C /* MyCenterTableViewController.m */ = {isa = PBXFileReference; fileEncoding = 4; lastKnownFileType = sourcecode.c.objc; path = MyCenterTableViewController.m; sourceTree = "<group>"; };
		FD29B3DE1C1194CC00B68C6C /* MyCashViewController.h */ = {isa = PBXFileReference; fileEncoding = 4; lastKnownFileType = sourcecode.c.h; path = MyCashViewController.h; sourceTree = "<group>"; };
		FD29B3DF1C1194CC00B68C6C /* MyCashViewController.m */ = {isa = PBXFileReference; fileEncoding = 4; lastKnownFileType = sourcecode.c.objc; path = MyCashViewController.m; sourceTree = "<group>"; };
		FD405F2C1C16C23D00DB6F0A /* PersonalHomePageController.h */ = {isa = PBXFileReference; fileEncoding = 4; lastKnownFileType = sourcecode.c.h; path = PersonalHomePageController.h; sourceTree = "<group>"; };
		FD405F2D1C16C23D00DB6F0A /* PersonalHomePageController.m */ = {isa = PBXFileReference; fileEncoding = 4; lastKnownFileType = sourcecode.c.objc; path = PersonalHomePageController.m; sourceTree = "<group>"; };
		FD405F2F1C182E2A00DB6F0A /* PersonalHomePageViewModel.h */ = {isa = PBXFileReference; fileEncoding = 4; lastKnownFileType = sourcecode.c.h; path = PersonalHomePageViewModel.h; sourceTree = "<group>"; };
		FD405F301C182E2A00DB6F0A /* PersonalHomePageViewModel.m */ = {isa = PBXFileReference; fileEncoding = 4; lastKnownFileType = sourcecode.c.objc; path = PersonalHomePageViewModel.m; sourceTree = "<group>"; };
		FD405F321C1903A600DB6F0A /* LYBaseNavigationController.h */ = {isa = PBXFileReference; fileEncoding = 4; lastKnownFileType = sourcecode.c.h; path = LYBaseNavigationController.h; sourceTree = "<group>"; };
		FD405F331C1903A600DB6F0A /* LYBaseNavigationController.m */ = {isa = PBXFileReference; fileEncoding = 4; lastKnownFileType = sourcecode.c.objc; path = LYBaseNavigationController.m; sourceTree = "<group>"; };
		FD405F351C19061A00DB6F0A /* LYBaseTabBarController.h */ = {isa = PBXFileReference; fileEncoding = 4; lastKnownFileType = sourcecode.c.h; path = LYBaseTabBarController.h; sourceTree = "<group>"; };
		FD405F361C19061A00DB6F0A /* LYBaseTabBarController.m */ = {isa = PBXFileReference; fileEncoding = 4; lastKnownFileType = sourcecode.c.objc; path = LYBaseTabBarController.m; sourceTree = "<group>"; };
		FD405F4E1C190B6600DB6F0A /* tab_chat_normal.png */ = {isa = PBXFileReference; lastKnownFileType = image.png; path = tab_chat_normal.png; sourceTree = "<group>"; };
		FD405F521C190CCB00DB6F0A /* tab_around_normal.png */ = {isa = PBXFileReference; lastKnownFileType = image.png; path = tab_around_normal.png; sourceTree = "<group>"; };
		FD405F541C190CCB00DB6F0A /* tab_finance_normal.png */ = {isa = PBXFileReference; lastKnownFileType = image.png; path = tab_finance_normal.png; sourceTree = "<group>"; };
		FD405F561C190CCB00DB6F0A /* tab_mycenter_normal.png */ = {isa = PBXFileReference; lastKnownFileType = image.png; path = tab_mycenter_normal.png; sourceTree = "<group>"; };
		FD405F661C19163C00DB6F0A /* tab_around_normal@2x.png */ = {isa = PBXFileReference; lastKnownFileType = image.png; path = "tab_around_normal@2x.png"; sourceTree = "<group>"; };
		FD405F671C19163C00DB6F0A /* tab_chat_normal@2x.png */ = {isa = PBXFileReference; lastKnownFileType = image.png; path = "tab_chat_normal@2x.png"; sourceTree = "<group>"; };
		FD405F681C19163C00DB6F0A /* tab_finance_normal@2x.png */ = {isa = PBXFileReference; lastKnownFileType = image.png; path = "tab_finance_normal@2x.png"; sourceTree = "<group>"; };
		FD405F691C19163C00DB6F0A /* tab_mycenter_normal@2x.png */ = {isa = PBXFileReference; lastKnownFileType = image.png; path = "tab_mycenter_normal@2x.png"; sourceTree = "<group>"; };
		FD405F6E1C1917C100DB6F0A /* LYColor.h */ = {isa = PBXFileReference; fileEncoding = 4; lastKnownFileType = sourcecode.c.h; path = LYColor.h; sourceTree = "<group>"; };
		FD405F6F1C1917C100DB6F0A /* LYColor.m */ = {isa = PBXFileReference; fileEncoding = 4; lastKnownFileType = sourcecode.c.objc; path = LYColor.m; sourceTree = "<group>"; };
		FD4799EB1C1A73B200ED3D62 /* distribution_add_button.png */ = {isa = PBXFileReference; lastKnownFileType = image.png; path = distribution_add_button.png; sourceTree = "<group>"; };
		FD4799EC1C1A73B200ED3D62 /* distribution_location.png */ = {isa = PBXFileReference; lastKnownFileType = image.png; path = distribution_location.png; sourceTree = "<group>"; };
		FD4799EF1C1A78DE00ED3D62 /* LYBaseImageViewController.h */ = {isa = PBXFileReference; fileEncoding = 4; lastKnownFileType = sourcecode.c.h; path = LYBaseImageViewController.h; sourceTree = "<group>"; };
		FD4799F01C1A78DE00ED3D62 /* LYBaseImageViewController.m */ = {isa = PBXFileReference; fileEncoding = 4; lastKnownFileType = sourcecode.c.objc; path = LYBaseImageViewController.m; sourceTree = "<group>"; };
		FD4799F21C1A7A5100ED3D62 /* LYBaseSelectImageView.h */ = {isa = PBXFileReference; fileEncoding = 4; lastKnownFileType = sourcecode.c.h; path = LYBaseSelectImageView.h; sourceTree = "<group>"; };
		FD4799F31C1A7A5100ED3D62 /* LYBaseSelectImageView.m */ = {isa = PBXFileReference; fileEncoding = 4; lastKnownFileType = sourcecode.c.objc; path = LYBaseSelectImageView.m; sourceTree = "<group>"; };
		FD4BA8C31C11C5DE00A69F90 /* MyInvestmentViewController.h */ = {isa = PBXFileReference; fileEncoding = 4; lastKnownFileType = sourcecode.c.h; path = MyInvestmentViewController.h; sourceTree = "<group>"; };
		FD4BA8C41C11C5DE00A69F90 /* MyInvestmentViewController.m */ = {isa = PBXFileReference; fileEncoding = 4; lastKnownFileType = sourcecode.c.objc; path = MyInvestmentViewController.m; sourceTree = "<group>"; };
		FD4BA8C61C127E6700A69F90 /* MyMessageTableViewController.h */ = {isa = PBXFileReference; fileEncoding = 4; lastKnownFileType = sourcecode.c.h; path = MyMessageTableViewController.h; sourceTree = "<group>"; };
		FD4BA8C71C127E6700A69F90 /* MyMessageTableViewController.m */ = {isa = PBXFileReference; fileEncoding = 4; lastKnownFileType = sourcecode.c.objc; path = MyMessageTableViewController.m; sourceTree = "<group>"; };
		FD4BA8CA1C12834400A69F90 /* MyLoanController.h */ = {isa = PBXFileReference; fileEncoding = 4; lastKnownFileType = sourcecode.c.h; path = MyLoanController.h; sourceTree = "<group>"; };
		FD4BA8CB1C12834400A69F90 /* MyLoanController.m */ = {isa = PBXFileReference; fileEncoding = 4; lastKnownFileType = sourcecode.c.objc; path = MyLoanController.m; sourceTree = "<group>"; };
		FD4BA8CD1C12841700A69F90 /* MyLoanDetailController.h */ = {isa = PBXFileReference; fileEncoding = 4; lastKnownFileType = sourcecode.c.h; path = MyLoanDetailController.h; sourceTree = "<group>"; };
		FD4BA8CE1C12841700A69F90 /* MyLoanDetailController.m */ = {isa = PBXFileReference; fileEncoding = 4; lastKnownFileType = sourcecode.c.objc; path = MyLoanDetailController.m; sourceTree = "<group>"; };
		FD4BA8D11C128F3C00A69F90 /* MySettingTableViewController.h */ = {isa = PBXFileReference; fileEncoding = 4; lastKnownFileType = sourcecode.c.h; path = MySettingTableViewController.h; sourceTree = "<group>"; };
		FD4BA8D21C128F3C00A69F90 /* MySettingTableViewController.m */ = {isa = PBXFileReference; fileEncoding = 4; lastKnownFileType = sourcecode.c.objc; path = MySettingTableViewController.m; sourceTree = "<group>"; };
		FD4BA8D71C12F5B400A69F90 /* NSObject+LYUITipsView.h */ = {isa = PBXFileReference; fileEncoding = 4; lastKnownFileType = sourcecode.c.h; path = "NSObject+LYUITipsView.h"; sourceTree = "<group>"; };
		FD4BA8D81C12F5B400A69F90 /* NSObject+LYUITipsView.m */ = {isa = PBXFileReference; fileEncoding = 4; lastKnownFileType = sourcecode.c.objc; path = "NSObject+LYUITipsView.m"; sourceTree = "<group>"; };
		FD4BA8DA1C13075A00A69F90 /* AroundMessageDetailController.h */ = {isa = PBXFileReference; fileEncoding = 4; lastKnownFileType = sourcecode.c.h; path = AroundMessageDetailController.h; sourceTree = "<group>"; };
		FD4BA8DB1C13075A00A69F90 /* AroundMessageDetailController.m */ = {isa = PBXFileReference; fileEncoding = 4; lastKnownFileType = sourcecode.c.objc; path = AroundMessageDetailController.m; sourceTree = "<group>"; };
		FD4BA8DE1C13135500A69F90 /* MyTransferTableViewController.h */ = {isa = PBXFileReference; fileEncoding = 4; lastKnownFileType = sourcecode.c.h; path = MyTransferTableViewController.h; sourceTree = "<group>"; };
		FD4BA8DF1C13135500A69F90 /* MyTransferTableViewController.m */ = {isa = PBXFileReference; fileEncoding = 4; lastKnownFileType = sourcecode.c.objc; path = MyTransferTableViewController.m; sourceTree = "<group>"; };
		FD4BA8E11C13139C00A69F90 /* MyTransferViewModel.h */ = {isa = PBXFileReference; fileEncoding = 4; lastKnownFileType = sourcecode.c.h; path = MyTransferViewModel.h; sourceTree = "<group>"; };
		FD4BA8E21C13139C00A69F90 /* MyTransferViewModel.m */ = {isa = PBXFileReference; fileEncoding = 4; lastKnownFileType = sourcecode.c.objc; path = MyTransferViewModel.m; sourceTree = "<group>"; };
		FD4BA8E41C13141B00A69F90 /* Yingying.h */ = {isa = PBXFileReference; fileEncoding = 4; lastKnownFileType = sourcecode.c.h; path = Yingying.h; sourceTree = "<group>"; };
		FD4BA8E51C13141B00A69F90 /* Yingying.m */ = {isa = PBXFileReference; fileEncoding = 4; lastKnownFileType = sourcecode.c.objc; path = Yingying.m; sourceTree = "<group>"; };
		FD5E20F01C199279003914F7 /* icon_message_detail_buy.png */ = {isa = PBXFileReference; lastKnownFileType = image.png; path = icon_message_detail_buy.png; sourceTree = "<group>"; };
		FD5E20F11C199279003914F7 /* icon_message_detail_comment.png */ = {isa = PBXFileReference; lastKnownFileType = image.png; path = icon_message_detail_comment.png; sourceTree = "<group>"; };
		FD5E20F21C199279003914F7 /* icon_message_detail_favorite.png */ = {isa = PBXFileReference; lastKnownFileType = image.png; path = icon_message_detail_favorite.png; sourceTree = "<group>"; };
		FD5E20F31C199279003914F7 /* icon_message_detail_favorited.png */ = {isa = PBXFileReference; lastKnownFileType = image.png; path = icon_message_detail_favorited.png; sourceTree = "<group>"; };
		FD6160291C15210E00B73304 /* MapInfoModel.h */ = {isa = PBXFileReference; fileEncoding = 4; lastKnownFileType = sourcecode.c.h; path = MapInfoModel.h; sourceTree = "<group>"; };
		FD61602A1C15210E00B73304 /* MapInfoModel.m */ = {isa = PBXFileReference; fileEncoding = 4; lastKnownFileType = sourcecode.c.objc; path = MapInfoModel.m; sourceTree = "<group>"; };
		FD90EF541C158975005545DF /* LoginViewController.h */ = {isa = PBXFileReference; fileEncoding = 4; lastKnownFileType = sourcecode.c.h; path = LoginViewController.h; sourceTree = "<group>"; };
		FD90EF551C158975005545DF /* LoginViewController.m */ = {isa = PBXFileReference; fileEncoding = 4; lastKnownFileType = sourcecode.c.objc; path = LoginViewController.m; sourceTree = "<group>"; };
		FD9462691C1976AF0063E4F2 /* icon_message_comments.png */ = {isa = PBXFileReference; lastKnownFileType = image.png; path = icon_message_comments.png; sourceTree = "<group>"; };
		FD94626A1C1976AF0063E4F2 /* icon_message_trans.png */ = {isa = PBXFileReference; lastKnownFileType = image.png; path = icon_message_trans.png; sourceTree = "<group>"; };
		FD9686D01C1AD11800D7F778 /* distribution_cancel.png */ = {isa = PBXFileReference; lastKnownFileType = image.png; path = distribution_cancel.png; sourceTree = "<group>"; };
		FD9686D21C1AD49300D7F778 /* icon_message_detail_pay.png */ = {isa = PBXFileReference; lastKnownFileType = image.png; path = icon_message_detail_pay.png; sourceTree = "<group>"; };
		FD9686D41C1AD4ED00D7F778 /* icon_message_detail_coupon.png */ = {isa = PBXFileReference; lastKnownFileType = image.png; path = icon_message_detail_coupon.png; sourceTree = "<group>"; };
		FD9686D61C1AE25000D7F778 /* icon_right_arrow.png */ = {isa = PBXFileReference; lastKnownFileType = image.png; path = icon_right_arrow.png; sourceTree = "<group>"; };
		FD9686D91C1AE42800D7F778 /* AroundPayController.h */ = {isa = PBXFileReference; fileEncoding = 4; lastKnownFileType = sourcecode.c.h; path = AroundPayController.h; sourceTree = "<group>"; };
		FD9686DA1C1AE42800D7F778 /* AroundPayController.m */ = {isa = PBXFileReference; fileEncoding = 4; lastKnownFileType = sourcecode.c.objc; path = AroundPayController.m; sourceTree = "<group>"; };
		FD9686DC1C1AE89300D7F778 /* icon_distribution.png */ = {isa = PBXFileReference; lastKnownFileType = image.png; path = icon_distribution.png; sourceTree = "<group>"; };
		FD9686DF1C1AEA8600D7F778 /* MineViewController.h */ = {isa = PBXFileReference; fileEncoding = 4; lastKnownFileType = sourcecode.c.h; path = MineViewController.h; sourceTree = "<group>"; };
		FD9686E01C1AEA8600D7F778 /* MineViewController.m */ = {isa = PBXFileReference; fileEncoding = 4; lastKnownFileType = sourcecode.c.objc; path = MineViewController.m; sourceTree = "<group>"; };
		FD9A8EE01C191F1900D9EC9C /* icon_map_leading.png */ = {isa = PBXFileReference; lastKnownFileType = image.png; path = icon_map_leading.png; sourceTree = "<group>"; };
		FD9A8EE11C191F1900D9EC9C /* icon_map_mining.png */ = {isa = PBXFileReference; lastKnownFileType = image.png; path = icon_map_mining.png; sourceTree = "<group>"; };
		FD9A8EE41C1920C900D9EC9C /* map_avatar.png */ = {isa = PBXFileReference; lastKnownFileType = image.png; path = map_avatar.png; sourceTree = "<group>"; };
		FD9A8EE51C1920C900D9EC9C /* map_man_location.png */ = {isa = PBXFileReference; lastKnownFileType = image.png; path = map_man_location.png; sourceTree = "<group>"; };
		FD9A8EE61C1920C900D9EC9C /* map_myself_location.png */ = {isa = PBXFileReference; lastKnownFileType = image.png; path = map_myself_location.png; sourceTree = "<group>"; };
		FD9A8EE71C1920C900D9EC9C /* map_woman_location.png */ = {isa = PBXFileReference; lastKnownFileType = image.png; path = map_woman_location.png; sourceTree = "<group>"; };
		FD9A8EEC1C19347B00D9EC9C /* test_white.png */ = {isa = PBXFileReference; lastKnownFileType = image.png; path = test_white.png; sourceTree = "<group>"; };
		FD9A8EEE1C193B5B00D9EC9C /* LYAnnotationView.h */ = {isa = PBXFileReference; fileEncoding = 4; lastKnownFileType = sourcecode.c.h; path = LYAnnotationView.h; sourceTree = "<group>"; };
		FD9A8EEF1C193B5B00D9EC9C /* LYAnnotationView.m */ = {isa = PBXFileReference; fileEncoding = 4; lastKnownFileType = sourcecode.c.objc; path = LYAnnotationView.m; sourceTree = "<group>"; };
		FD9F932E1C195073003C2EEC /* icon_distribution_mood.png */ = {isa = PBXFileReference; lastKnownFileType = image.png; path = icon_distribution_mood.png; sourceTree = "<group>"; };
		FD9F932F1C195073003C2EEC /* icon_distribution_res.png */ = {isa = PBXFileReference; lastKnownFileType = image.png; path = icon_distribution_res.png; sourceTree = "<group>"; };
		FDA679BB1C1A7D5100FC8D9F /* DistributionResViewModel.h */ = {isa = PBXFileReference; fileEncoding = 4; lastKnownFileType = sourcecode.c.h; path = DistributionResViewModel.h; sourceTree = "<group>"; };
		FDA679BC1C1A7D5100FC8D9F /* DistributionResViewModel.m */ = {isa = PBXFileReference; fileEncoding = 4; lastKnownFileType = sourcecode.c.objc; path = DistributionResViewModel.m; sourceTree = "<group>"; };
		FDF532211C13C5F900B779E6 /* DistributionMoodController.h */ = {isa = PBXFileReference; fileEncoding = 4; lastKnownFileType = sourcecode.c.h; path = DistributionMoodController.h; sourceTree = "<group>"; };
		FDF532221C13C5F900B779E6 /* DistributionMoodController.m */ = {isa = PBXFileReference; fileEncoding = 4; lastKnownFileType = sourcecode.c.objc; path = DistributionMoodController.m; sourceTree = "<group>"; };
		FDF532231C13C5F900B779E6 /* DistributionResController.h */ = {isa = PBXFileReference; fileEncoding = 4; lastKnownFileType = sourcecode.c.h; path = DistributionResController.h; sourceTree = "<group>"; };
		FDF532241C13C5F900B779E6 /* DistributionResController.m */ = {isa = PBXFileReference; fileEncoding = 4; lastKnownFileType = sourcecode.c.objc; path = DistributionResController.m; sourceTree = "<group>"; };
		FDF532271C1435C000B779E6 /* DistributionMoodViewModel.h */ = {isa = PBXFileReference; fileEncoding = 4; lastKnownFileType = sourcecode.c.h; path = DistributionMoodViewModel.h; sourceTree = "<group>"; };
		FDF532281C1435C000B779E6 /* DistributionMoodViewModel.m */ = {isa = PBXFileReference; fileEncoding = 4; lastKnownFileType = sourcecode.c.objc; path = DistributionMoodViewModel.m; sourceTree = "<group>"; };
/* End PBXFileReference section */

/* Begin PBXFrameworksBuildPhase section */
		FD29B3061C111B9100B68C6C /* Frameworks */ = {
			isa = PBXFrameworksBuildPhase;
			buildActionMask = 2147483647;
			files = (
				97C4B00BAF4207E79EA7381E /* libPods.a in Frameworks */,
			);
			runOnlyForDeploymentPostprocessing = 0;
		};
		FD29B3221C111B9100B68C6C /* Frameworks */ = {
			isa = PBXFrameworksBuildPhase;
			buildActionMask = 2147483647;
			files = (
			);
			runOnlyForDeploymentPostprocessing = 0;
		};
		FD29B32D1C111B9100B68C6C /* Frameworks */ = {
			isa = PBXFrameworksBuildPhase;
			buildActionMask = 2147483647;
			files = (
			);
			runOnlyForDeploymentPostprocessing = 0;
		};
/* End PBXFrameworksBuildPhase section */

/* Begin PBXGroup section */
		38BD0A45EFAF39F80EE54D9F /* Frameworks */ = {
			isa = PBXGroup;
			children = (
				FD29B3B71C113C3000B68C6C /* SystemConfiguration.framework */,
				FD29B3B51C113C2000B68C6C /* CoreLocation.framework */,
				FD29B3B31C113C1000B68C6C /* libstdc++.6.0.9.tbd */,
				FD29B3AA1C113B2400B68C6C /* OpenGLES.framework */,
				FD29B3A81C113B1E00B68C6C /* Security.framework */,
				FD29B3A61C113B1600B68C6C /* CoreTelephony.framework */,
				FD29B3A41C113B0C00B68C6C /* MessageUI.framework */,
				FD29B3A21C113B0500B68C6C /* QuartzCore.framework */,
				FD29B3A01C113AFD00B68C6C /* CoreGraphics.framework */,
				FD29B39E1C113AE200B68C6C /* libsqlite3.tbd */,
				FD29B39A1C113AD700B68C6C /* libPods-AFNetworking.a */,
				FD29B39B1C113AD700B68C6C /* libPods-ReactiveCocoa.a */,
				CC2A61BE728174A0287C24BD /* libPods.a */,
			);
			name = Frameworks;
			sourceTree = "<group>";
		};
		6352F287BF2C9A6D9000F7CE /* Pods */ = {
			isa = PBXGroup;
			children = (
				560E10B102FADF679D47C07C /* Pods.debug.xcconfig */,
				2E25BA45A4DE8BEE871D6E1F /* Pods.release.xcconfig */,
			);
			name = Pods;
			sourceTree = "<group>";
		};
		FD21CF9D1C1BBFCC00CF8550 /* chat */ = {
			isa = PBXGroup;
			children = (
				FD21CF9E1C1BBFCC00CF8550 /* base */,
				FD21CFA11C1BBFCC00CF8550 /* detail */,
				FD21CFA21C1BBFCC00CF8550 /* list */,
			);
			path = chat;
			sourceTree = "<group>";
		};
		FD21CF9E1C1BBFCC00CF8550 /* base */ = {
			isa = PBXGroup;
			children = (
				FD21CF9F1C1BBFCC00CF8550 /* CDUserFactory.h */,
				FD21CFA01C1BBFCC00CF8550 /* CDUserFactory.m */,
			);
			path = base;
			sourceTree = "<group>";
		};
		FD21CFA11C1BBFCC00CF8550 /* detail */ = {
			isa = PBXGroup;
			children = (
			);
			path = detail;
			sourceTree = "<group>";
		};
		FD21CFA21C1BBFCC00CF8550 /* list */ = {
			isa = PBXGroup;
			children = (
				FD21CFA41C1BC09200CF8550 /* ChatListController.h */,
				FD21CFA51C1BC09200CF8550 /* ChatListController.m */,
			);
			path = list;
			sourceTree = "<group>";
		};
		FD29B3001C111B9000B68C6C = {
			isa = PBXGroup;
			children = (
				FD29B30B1C111B9100B68C6C /* Yingying */,
				FD29B3281C111B9100B68C6C /* YingyingTests */,
				FD29B3331C111B9100B68C6C /* YingyingUITests */,
				FD29B30A1C111B9100B68C6C /* Products */,
				6352F287BF2C9A6D9000F7CE /* Pods */,
				38BD0A45EFAF39F80EE54D9F /* Frameworks */,
			);
			sourceTree = "<group>";
		};
		FD29B30A1C111B9100B68C6C /* Products */ = {
			isa = PBXGroup;
			children = (
				FD29B3091C111B9100B68C6C /* Yingying.app */,
				FD29B3251C111B9100B68C6C /* YingyingTests.xctest */,
				FD29B3301C111B9100B68C6C /* YingyingUITests.xctest */,
			);
			name = Products;
			sourceTree = "<group>";
		};
		FD29B30B1C111B9100B68C6C /* Yingying */ = {
			isa = PBXGroup;
			children = (
				FD29B3421C111C4A00B68C6C /* extension */,
				FD29B3431C111C4A00B68C6C /* model */,
				FD29B3441C111C4A00B68C6C /* res */,
				FD29B3461C111C4A00B68C6C /* supporting files */,
				FD29B3541C111C4A00B68C6C /* vc */,
			);
			path = Yingying;
			sourceTree = "<group>";
		};
		FD29B3281C111B9100B68C6C /* YingyingTests */ = {
			isa = PBXGroup;
			children = (
				FD29B3291C111B9100B68C6C /* YingyingTests.m */,
				FD29B32B1C111B9100B68C6C /* Info.plist */,
			);
			path = YingyingTests;
			sourceTree = "<group>";
		};
		FD29B3331C111B9100B68C6C /* YingyingUITests */ = {
			isa = PBXGroup;
			children = (
				FD29B3341C111B9100B68C6C /* YingyingUITests.m */,
				FD29B3361C111B9100B68C6C /* Info.plist */,
			);
			path = YingyingUITests;
			sourceTree = "<group>";
		};
		FD29B3421C111C4A00B68C6C /* extension */ = {
			isa = PBXGroup;
			children = (
				FD29B35D1C112FDC00B68C6C /* LYCategory */,
				FD29B3641C112FDC00B68C6C /* MJRefresh */,
			);
			path = extension;
			sourceTree = "<group>";
		};
		FD29B3431C111C4A00B68C6C /* model */ = {
			isa = PBXGroup;
			children = (
				FD29B3AC1C113B6F00B68C6C /* base */,
				FD29B3801C1130BC00B68C6C /* BaseModel.h */,
				FD29B3811C1130BC00B68C6C /* BaseModel.m */,
				FD4BA8E41C13141B00A69F90 /* Yingying.h */,
				FD4BA8E51C13141B00A69F90 /* Yingying.m */,
				FD6160291C15210E00B73304 /* MapInfoModel.h */,
				FD61602A1C15210E00B73304 /* MapInfoModel.m */,
			);
			path = model;
			sourceTree = "<group>";
		};
		FD29B3441C111C4A00B68C6C /* res */ = {
			isa = PBXGroup;
			children = (
				FD29B3451C111C4A00B68C6C /* img */,
			);
			path = res;
			sourceTree = "<group>";
		};
		FD29B3451C111C4A00B68C6C /* img */ = {
			isa = PBXGroup;
			children = (
				FD9686DC1C1AE89300D7F778 /* icon_distribution.png */,
				FD9686D61C1AE25000D7F778 /* icon_right_arrow.png */,
				FD9686D41C1AD4ED00D7F778 /* icon_message_detail_coupon.png */,
				FD9686D21C1AD49300D7F778 /* icon_message_detail_pay.png */,
				FD9686D01C1AD11800D7F778 /* distribution_cancel.png */,
				FD4799EB1C1A73B200ED3D62 /* distribution_add_button.png */,
				FD4799EC1C1A73B200ED3D62 /* distribution_location.png */,
				FD5E20F01C199279003914F7 /* icon_message_detail_buy.png */,
				FD5E20F11C199279003914F7 /* icon_message_detail_comment.png */,
				FD5E20F21C199279003914F7 /* icon_message_detail_favorite.png */,
				FD5E20F31C199279003914F7 /* icon_message_detail_favorited.png */,
				FD9462691C1976AF0063E4F2 /* icon_message_comments.png */,
				FD94626A1C1976AF0063E4F2 /* icon_message_trans.png */,
				FD9F932E1C195073003C2EEC /* icon_distribution_mood.png */,
				FD9F932F1C195073003C2EEC /* icon_distribution_res.png */,
				FD9A8EEC1C19347B00D9EC9C /* test_white.png */,
				FD9A8EE41C1920C900D9EC9C /* map_avatar.png */,
				FD9A8EE51C1920C900D9EC9C /* map_man_location.png */,
				FD9A8EE61C1920C900D9EC9C /* map_myself_location.png */,
				FD9A8EE71C1920C900D9EC9C /* map_woman_location.png */,
				FD9A8EE01C191F1900D9EC9C /* icon_map_leading.png */,
				FD9A8EE11C191F1900D9EC9C /* icon_map_mining.png */,
				FD405F661C19163C00DB6F0A /* tab_around_normal@2x.png */,
				FD405F671C19163C00DB6F0A /* tab_chat_normal@2x.png */,
				FD405F681C19163C00DB6F0A /* tab_finance_normal@2x.png */,
				FD405F691C19163C00DB6F0A /* tab_mycenter_normal@2x.png */,
				FD405F521C190CCB00DB6F0A /* tab_around_normal.png */,
				FD405F4E1C190B6600DB6F0A /* tab_chat_normal.png */,
				FD405F541C190CCB00DB6F0A /* tab_finance_normal.png */,
				FD405F561C190CCB00DB6F0A /* tab_mycenter_normal.png */,
			);
			path = img;
			sourceTree = "<group>";
		};
		FD29B3461C111C4A00B68C6C /* supporting files */ = {
			isa = PBXGroup;
			children = (
				FD29B3471C111C4A00B68C6C /* AppDelegate.h */,
				FD29B3481C111C4A00B68C6C /* AppDelegate.m */,
				FD29B3491C111C4A00B68C6C /* Assets.xcassets */,
				FD29B34A1C111C4A00B68C6C /* LaunchScreen.storyboard */,
				FD29B34E1C111C4A00B68C6C /* FirstViewController.h */,
				FD29B34F1C111C4A00B68C6C /* FirstViewController.m */,
				FD29B3511C111C4A00B68C6C /* main.m */,
				FD29B3521C111C4A00B68C6C /* SecondViewController.h */,
				FD29B3531C111C4A00B68C6C /* SecondViewController.m */,
			);
			path = "supporting files";
			sourceTree = "<group>";
		};
		FD29B3541C111C4A00B68C6C /* vc */ = {
			isa = PBXGroup;
			children = (
				FD29B34C1C111C4A00B68C6C /* Main.storyboard */,
				FD21CF9D1C1BBFCC00CF8550 /* chat */,
				FD405F2B1C16C22700DB6F0A /* common */,
				FD90EF531C15895F005545DF /* login */,
				FD29B3DA1C1177A800B68C6C /* myCenter */,
				FD29B3CE1C116DCD00B68C6C /* finance */,
				FD29B38C1C1135B200B68C6C /* around */,
			);
			path = vc;
			sourceTree = "<group>";
		};
		FD29B35D1C112FDC00B68C6C /* LYCategory */ = {
			isa = PBXGroup;
			children = (
				FD405F6E1C1917C100DB6F0A /* LYColor.h */,
				FD405F6F1C1917C100DB6F0A /* LYColor.m */,
				FD4BA8D71C12F5B400A69F90 /* NSObject+LYUITipsView.h */,
				FD4BA8D81C12F5B400A69F90 /* NSObject+LYUITipsView.m */,
				FD29B35E1C112FDC00B68C6C /* LYTypeEncoding.h */,
				FD29B35F1C112FDC00B68C6C /* LYTypeEncoding.m */,
				FD29B3601C112FDC00B68C6C /* NSDictionary+LYDictToObject.h */,
				FD29B3611C112FDC00B68C6C /* NSDictionary+LYDictToObject.m */,
				FD29B3621C112FDC00B68C6C /* NSObject+LYTypeConversion.h */,
				FD29B3631C112FDC00B68C6C /* NSObject+LYTypeConversion.m */,
			);
			path = LYCategory;
			sourceTree = "<group>";
		};
		FD29B3641C112FDC00B68C6C /* MJRefresh */ = {
			isa = PBXGroup;
			children = (
				FD29B3651C112FDC00B68C6C /* MJRefresh.bundle */,
				FD29B3661C112FDC00B68C6C /* MJRefresh.h */,
				FD29B3671C112FDC00B68C6C /* MJRefreshBaseView.h */,
				FD29B3681C112FDC00B68C6C /* MJRefreshBaseView.m */,
				FD29B3691C112FDC00B68C6C /* MJRefreshConst.h */,
				FD29B36A1C112FDC00B68C6C /* MJRefreshConst.m */,
				FD29B36B1C112FDC00B68C6C /* MJRefreshFooterView.h */,
				FD29B36C1C112FDC00B68C6C /* MJRefreshFooterView.m */,
				FD29B36D1C112FDC00B68C6C /* MJRefreshHeaderView.h */,
				FD29B36E1C112FDC00B68C6C /* MJRefreshHeaderView.m */,
				FD29B36F1C112FDC00B68C6C /* UIScrollView+MJExtension.h */,
				FD29B3701C112FDC00B68C6C /* UIScrollView+MJExtension.m */,
				FD29B3711C112FDC00B68C6C /* UIScrollView+MJRefresh.h */,
				FD29B3721C112FDC00B68C6C /* UIScrollView+MJRefresh.m */,
				FD29B3731C112FDC00B68C6C /* UIView+MJExtension.h */,
				FD29B3741C112FDC00B68C6C /* UIView+MJExtension.m */,
			);
			path = MJRefresh;
			sourceTree = "<group>";
		};
		FD29B38C1C1135B200B68C6C /* around */ = {
			isa = PBXGroup;
			children = (
				FD9686DE1C1AEA5A00D7F778 /* mine */,
				FD9686D81C1AE3FD00D7F778 /* pay */,
				FDF532201C13C5F900B779E6 /* distribute */,
				FD29B3BB1C1159D800B68C6C /* detail */,
				FD29B3BE1C1159D800B68C6C /* map */,
				FD29B38D1C1135DC00B68C6C /* AroundViewController.h */,
				FD29B38E1C1135DC00B68C6C /* AroundViewController.m */,
			);
			path = around;
			sourceTree = "<group>";
		};
		FD29B3AC1C113B6F00B68C6C /* base */ = {
			isa = PBXGroup;
			children = (
				FD29B3AD1C113B6F00B68C6C /* LYNotifyCenter.h */,
				FD29B3B11C113BC600B68C6C /* ForMap.mm */,
			);
			path = base;
			sourceTree = "<group>";
		};
		FD29B3BB1C1159D800B68C6C /* detail */ = {
			isa = PBXGroup;
			children = (
				FD29B3BC1C1159D800B68C6C /* AroundMessageController.h */,
				FD29B3BD1C1159D800B68C6C /* AroundMessageController.m */,
				FD29B3C51C1161F400B68C6C /* ModelDistributionController.h */,
				FD29B3C61C1161F400B68C6C /* ModelDistributionController.m */,
				FD4BA8DA1C13075A00A69F90 /* AroundMessageDetailController.h */,
				FD4BA8DB1C13075A00A69F90 /* AroundMessageDetailController.m */,
			);
			path = detail;
			sourceTree = "<group>";
		};
		FD29B3BE1C1159D800B68C6C /* map */ = {
			isa = PBXGroup;
			children = (
				FD29B3BF1C1159D800B68C6C /* AroundMapController.h */,
				FD29B3C01C1159D800B68C6C /* AroundMapController.m */,
				FD29B3C11C1159D800B68C6C /* CustomMapView.xib */,
				FD9A8EEE1C193B5B00D9EC9C /* LYAnnotationView.h */,
				FD9A8EEF1C193B5B00D9EC9C /* LYAnnotationView.m */,
			);
			path = map;
			sourceTree = "<group>";
		};
		FD29B3CE1C116DCD00B68C6C /* finance */ = {
			isa = PBXGroup;
			children = (
				FD29B3D41C11727600B68C6C /* FinanceBillController.h */,
				FD29B3D51C11727600B68C6C /* FinanceBillController.m */,
				FD29B3CF1C116DF600B68C6C /* FinanceViewController.h */,
				FD29B3D01C116DF600B68C6C /* FinanceViewController.m */,
				FD29B3D31C116E4300B68C6C /* yingLoan */,
				FD29B3D21C116E2600B68C6C /* yingPlan */,
			);
			path = finance;
			sourceTree = "<group>";
		};
		FD29B3D21C116E2600B68C6C /* yingPlan */ = {
			isa = PBXGroup;
			children = (
				FD29B3D71C1173B500B68C6C /* YingPlanTableViewController.h */,
				FD29B3D81C1173B500B68C6C /* YingPlanTableViewController.m */,
			);
			path = yingPlan;
			sourceTree = "<group>";
		};
		FD29B3D31C116E4300B68C6C /* yingLoan */ = {
			isa = PBXGroup;
			children = (
			);
			path = yingLoan;
			sourceTree = "<group>";
		};
		FD29B3DA1C1177A800B68C6C /* myCenter */ = {
			isa = PBXGroup;
			children = (
				FD4BA8DD1C13135500A69F90 /* transfer */,
				FD4BA8D01C128F2100A69F90 /* setting */,
				FD4BA8C91C1282C800A69F90 /* loan */,
				FD4BA8C21C11C5D300A69F90 /* investment */,
				FD29B3DB1C1177D200B68C6C /* MyCenterTableViewController.h */,
				FD29B3DC1C1177D200B68C6C /* MyCenterTableViewController.m */,
				FD29B3DE1C1194CC00B68C6C /* MyCashViewController.h */,
				FD29B3DF1C1194CC00B68C6C /* MyCashViewController.m */,
				FD4BA8C61C127E6700A69F90 /* MyMessageTableViewController.h */,
				FD4BA8C71C127E6700A69F90 /* MyMessageTableViewController.m */,
			);
			path = myCenter;
			sourceTree = "<group>";
		};
		FD405F2B1C16C22700DB6F0A /* common */ = {
			isa = PBXGroup;
			children = (
				FD405F321C1903A600DB6F0A /* LYBaseNavigationController.h */,
				FD405F331C1903A600DB6F0A /* LYBaseNavigationController.m */,
				FD405F351C19061A00DB6F0A /* LYBaseTabBarController.h */,
				FD405F361C19061A00DB6F0A /* LYBaseTabBarController.m */,
				FD405F2C1C16C23D00DB6F0A /* PersonalHomePageController.h */,
				FD405F2D1C16C23D00DB6F0A /* PersonalHomePageController.m */,
				FD405F2F1C182E2A00DB6F0A /* PersonalHomePageViewModel.h */,
				FD405F301C182E2A00DB6F0A /* PersonalHomePageViewModel.m */,
				FD4799EF1C1A78DE00ED3D62 /* LYBaseImageViewController.h */,
				FD4799F01C1A78DE00ED3D62 /* LYBaseImageViewController.m */,
				FD4799F21C1A7A5100ED3D62 /* LYBaseSelectImageView.h */,
				FD4799F31C1A7A5100ED3D62 /* LYBaseSelectImageView.m */,
			);
			path = common;
			sourceTree = "<group>";
		};
		FD4BA8C21C11C5D300A69F90 /* investment */ = {
			isa = PBXGroup;
			children = (
				FD4BA8C31C11C5DE00A69F90 /* MyInvestmentViewController.h */,
				FD4BA8C41C11C5DE00A69F90 /* MyInvestmentViewController.m */,
			);
			path = investment;
			sourceTree = "<group>";
		};
		FD4BA8C91C1282C800A69F90 /* loan */ = {
			isa = PBXGroup;
			children = (
				FD4BA8CA1C12834400A69F90 /* MyLoanController.h */,
				FD4BA8CB1C12834400A69F90 /* MyLoanController.m */,
				FD4BA8CD1C12841700A69F90 /* MyLoanDetailController.h */,
				FD4BA8CE1C12841700A69F90 /* MyLoanDetailController.m */,
			);
			path = loan;
			sourceTree = "<group>";
		};
		FD4BA8D01C128F2100A69F90 /* setting */ = {
			isa = PBXGroup;
			children = (
				FD4BA8D11C128F3C00A69F90 /* MySettingTableViewController.h */,
				FD4BA8D21C128F3C00A69F90 /* MySettingTableViewController.m */,
			);
			path = setting;
			sourceTree = "<group>";
		};
		FD4BA8DD1C13135500A69F90 /* transfer */ = {
			isa = PBXGroup;
			children = (
				FD4BA8DE1C13135500A69F90 /* MyTransferTableViewController.h */,
				FD4BA8DF1C13135500A69F90 /* MyTransferTableViewController.m */,
				FD4BA8E11C13139C00A69F90 /* MyTransferViewModel.h */,
				FD4BA8E21C13139C00A69F90 /* MyTransferViewModel.m */,
			);
			path = transfer;
			sourceTree = "<group>";
		};
		FD90EF531C15895F005545DF /* login */ = {
			isa = PBXGroup;
			children = (
				FD90EF541C158975005545DF /* LoginViewController.h */,
				FD90EF551C158975005545DF /* LoginViewController.m */,
			);
			path = login;
			sourceTree = "<group>";
		};
		FD9686D81C1AE3FD00D7F778 /* pay */ = {
			isa = PBXGroup;
			children = (
				FD9686D91C1AE42800D7F778 /* AroundPayController.h */,
				FD9686DA1C1AE42800D7F778 /* AroundPayController.m */,
			);
			path = pay;
			sourceTree = "<group>";
		};
		FD9686DE1C1AEA5A00D7F778 /* mine */ = {
			isa = PBXGroup;
			children = (
				FD9686DF1C1AEA8600D7F778 /* MineViewController.h */,
				FD9686E01C1AEA8600D7F778 /* MineViewController.m */,
			);
			path = mine;
			sourceTree = "<group>";
		};
		FDF532201C13C5F900B779E6 /* distribute */ = {
			isa = PBXGroup;
			children = (
				FDF532211C13C5F900B779E6 /* DistributionMoodController.h */,
				FDF532221C13C5F900B779E6 /* DistributionMoodController.m */,
				FDF532271C1435C000B779E6 /* DistributionMoodViewModel.h */,
				FDF532281C1435C000B779E6 /* DistributionMoodViewModel.m */,
				FDF532231C13C5F900B779E6 /* DistributionResController.h */,
				FDF532241C13C5F900B779E6 /* DistributionResController.m */,
				FDA679BB1C1A7D5100FC8D9F /* DistributionResViewModel.h */,
				FDA679BC1C1A7D5100FC8D9F /* DistributionResViewModel.m */,
			);
			path = distribute;
			sourceTree = "<group>";
		};
/* End PBXGroup section */

/* Begin PBXNativeTarget section */
		FD29B3081C111B9100B68C6C /* Yingying */ = {
			isa = PBXNativeTarget;
			buildConfigurationList = FD29B3391C111B9100B68C6C /* Build configuration list for PBXNativeTarget "Yingying" */;
			buildPhases = (
				C43FF80A68CE8D4BEFBC5383 /* Check Pods Manifest.lock */,
				FD29B3051C111B9100B68C6C /* Sources */,
				FD29B3061C111B9100B68C6C /* Frameworks */,
				FD29B3071C111B9100B68C6C /* Resources */,
				B691FD1F3BF63B6F6D25B245 /* Copy Pods Resources */,
			);
			buildRules = (
			);
			dependencies = (
			);
			name = Yingying;
			productName = Yingying;
			productReference = FD29B3091C111B9100B68C6C /* Yingying.app */;
			productType = "com.apple.product-type.application";
		};
		FD29B3241C111B9100B68C6C /* YingyingTests */ = {
			isa = PBXNativeTarget;
			buildConfigurationList = FD29B33C1C111B9100B68C6C /* Build configuration list for PBXNativeTarget "YingyingTests" */;
			buildPhases = (
				FD29B3211C111B9100B68C6C /* Sources */,
				FD29B3221C111B9100B68C6C /* Frameworks */,
				FD29B3231C111B9100B68C6C /* Resources */,
			);
			buildRules = (
			);
			dependencies = (
				FD29B3271C111B9100B68C6C /* PBXTargetDependency */,
			);
			name = YingyingTests;
			productName = YingyingTests;
			productReference = FD29B3251C111B9100B68C6C /* YingyingTests.xctest */;
			productType = "com.apple.product-type.bundle.unit-test";
		};
		FD29B32F1C111B9100B68C6C /* YingyingUITests */ = {
			isa = PBXNativeTarget;
			buildConfigurationList = FD29B33F1C111B9100B68C6C /* Build configuration list for PBXNativeTarget "YingyingUITests" */;
			buildPhases = (
				FD29B32C1C111B9100B68C6C /* Sources */,
				FD29B32D1C111B9100B68C6C /* Frameworks */,
				FD29B32E1C111B9100B68C6C /* Resources */,
			);
			buildRules = (
			);
			dependencies = (
				FD29B3321C111B9100B68C6C /* PBXTargetDependency */,
			);
			name = YingyingUITests;
			productName = YingyingUITests;
			productReference = FD29B3301C111B9100B68C6C /* YingyingUITests.xctest */;
			productType = "com.apple.product-type.bundle.ui-testing";
		};
/* End PBXNativeTarget section */

/* Begin PBXProject section */
		FD29B3011C111B9000B68C6C /* Project object */ = {
			isa = PBXProject;
			attributes = {
				LastUpgradeCheck = 0700;
				ORGANIZATIONNAME = "林伟池";
				TargetAttributes = {
					FD29B3081C111B9100B68C6C = {
						CreatedOnToolsVersion = 7.0;
					};
					FD29B3241C111B9100B68C6C = {
						CreatedOnToolsVersion = 7.0;
						TestTargetID = FD29B3081C111B9100B68C6C;
					};
					FD29B32F1C111B9100B68C6C = {
						CreatedOnToolsVersion = 7.0;
						TestTargetID = FD29B3081C111B9100B68C6C;
					};
				};
			};
			buildConfigurationList = FD29B3041C111B9000B68C6C /* Build configuration list for PBXProject "Yingying" */;
			compatibilityVersion = "Xcode 3.2";
			developmentRegion = English;
			hasScannedForEncodings = 0;
			knownRegions = (
				en,
				Base,
			);
			mainGroup = FD29B3001C111B9000B68C6C;
			productRefGroup = FD29B30A1C111B9100B68C6C /* Products */;
			projectDirPath = "";
			projectRoot = "";
			targets = (
				FD29B3081C111B9100B68C6C /* Yingying */,
				FD29B3241C111B9100B68C6C /* YingyingTests */,
				FD29B32F1C111B9100B68C6C /* YingyingUITests */,
			);
		};
/* End PBXProject section */

/* Begin PBXResourcesBuildPhase section */
		FD29B3071C111B9100B68C6C /* Resources */ = {
			isa = PBXResourcesBuildPhase;
			buildActionMask = 2147483647;
			files = (
				FD405F6A1C19163C00DB6F0A /* tab_around_normal@2x.png in Resources */,
				FD5E20F41C199279003914F7 /* icon_message_detail_buy.png in Resources */,
				FD29B3581C111C4A00B68C6C /* Main.storyboard in Resources */,
				FD94626B1C1976AF0063E4F2 /* icon_message_comments.png in Resources */,
				FD29B3561C111C4A00B68C6C /* Assets.xcassets in Resources */,
				FD405F5A1C190CCB00DB6F0A /* tab_around_normal.png in Resources */,
				FD405F5C1C190CCB00DB6F0A /* tab_finance_normal.png in Resources */,
				FD9686D11C1AD11800D7F778 /* distribution_cancel.png in Resources */,
				FD29B3781C112FDC00B68C6C /* MJRefresh.bundle in Resources */,
				FD5E20F61C199279003914F7 /* icon_message_detail_favorite.png in Resources */,
				FD9A8EE31C191F1900D9EC9C /* icon_map_mining.png in Resources */,
				FD405F501C190B6600DB6F0A /* tab_chat_normal.png in Resources */,
				FD29B3C41C1159D800B68C6C /* CustomMapView.xib in Resources */,
				FD405F6C1C19163C00DB6F0A /* tab_finance_normal@2x.png in Resources */,
				FD9A8EE91C1920C900D9EC9C /* map_man_location.png in Resources */,
				FD405F6D1C19163C00DB6F0A /* tab_mycenter_normal@2x.png in Resources */,
				FD9686D51C1AD4ED00D7F778 /* icon_message_detail_coupon.png in Resources */,
				FD94626C1C1976AF0063E4F2 /* icon_message_trans.png in Resources */,
				FD4799ED1C1A73B200ED3D62 /* distribution_add_button.png in Resources */,
				FD9A8EE21C191F1900D9EC9C /* icon_map_leading.png in Resources */,
				FD29B3571C111C4A00B68C6C /* LaunchScreen.storyboard in Resources */,
				FD9A8EE81C1920C900D9EC9C /* map_avatar.png in Resources */,
				FD9A8EEA1C1920C900D9EC9C /* map_myself_location.png in Resources */,
				FD9686D31C1AD49300D7F778 /* icon_message_detail_pay.png in Resources */,
				FD9A8EEB1C1920C900D9EC9C /* map_woman_location.png in Resources */,
				FD9F93311C195073003C2EEC /* icon_distribution_res.png in Resources */,
				FD9686DD1C1AE89300D7F778 /* icon_distribution.png in Resources */,
				FD5E20F71C199279003914F7 /* icon_message_detail_favorited.png in Resources */,
				FD5E20F51C199279003914F7 /* icon_message_detail_comment.png in Resources */,
				FD9F93301C195073003C2EEC /* icon_distribution_mood.png in Resources */,
				FD9686D71C1AE25000D7F778 /* icon_right_arrow.png in Resources */,
				FD4799EE1C1A73B200ED3D62 /* distribution_location.png in Resources */,
				FD9A8EED1C19347B00D9EC9C /* test_white.png in Resources */,
				FD405F5E1C190CCB00DB6F0A /* tab_mycenter_normal.png in Resources */,
				FD405F6B1C19163C00DB6F0A /* tab_chat_normal@2x.png in Resources */,
			);
			runOnlyForDeploymentPostprocessing = 0;
		};
		FD29B3231C111B9100B68C6C /* Resources */ = {
			isa = PBXResourcesBuildPhase;
			buildActionMask = 2147483647;
			files = (
			);
			runOnlyForDeploymentPostprocessing = 0;
		};
		FD29B32E1C111B9100B68C6C /* Resources */ = {
			isa = PBXResourcesBuildPhase;
			buildActionMask = 2147483647;
			files = (
			);
			runOnlyForDeploymentPostprocessing = 0;
		};
/* End PBXResourcesBuildPhase section */

/* Begin PBXShellScriptBuildPhase section */
		B691FD1F3BF63B6F6D25B245 /* Copy Pods Resources */ = {
			isa = PBXShellScriptBuildPhase;
			buildActionMask = 2147483647;
			files = (
			);
			inputPaths = (
			);
			name = "Copy Pods Resources";
			outputPaths = (
			);
			runOnlyForDeploymentPostprocessing = 0;
			shellPath = /bin/sh;
			shellScript = "\"${SRCROOT}/Pods/Target Support Files/Pods/Pods-resources.sh\"\n";
			showEnvVarsInLog = 0;
		};
		C43FF80A68CE8D4BEFBC5383 /* Check Pods Manifest.lock */ = {
			isa = PBXShellScriptBuildPhase;
			buildActionMask = 2147483647;
			files = (
			);
			inputPaths = (
			);
			name = "Check Pods Manifest.lock";
			outputPaths = (
			);
			runOnlyForDeploymentPostprocessing = 0;
			shellPath = /bin/sh;
			shellScript = "diff \"${PODS_ROOT}/../Podfile.lock\" \"${PODS_ROOT}/Manifest.lock\" > /dev/null\nif [[ $? != 0 ]] ; then\n    cat << EOM\nerror: The sandbox is not in sync with the Podfile.lock. Run 'pod install' or update your CocoaPods installation.\nEOM\n    exit 1\nfi\n";
			showEnvVarsInLog = 0;
		};
/* End PBXShellScriptBuildPhase section */

/* Begin PBXSourcesBuildPhase section */
		FD29B3051C111B9100B68C6C /* Sources */ = {
			isa = PBXSourcesBuildPhase;
			buildActionMask = 2147483647;
			files = (
				FD29B37D1C112FDC00B68C6C /* UIScrollView+MJExtension.m in Sources */,
				FDF532291C1435C000B779E6 /* DistributionMoodViewModel.m in Sources */,
				FD29B3C71C1161F400B68C6C /* ModelDistributionController.m in Sources */,
				FD29B35C1C111C4A00B68C6C /* SecondViewController.m in Sources */,
				FD61602B1C15210E00B73304 /* MapInfoModel.m in Sources */,
				FD29B3DD1C1177D200B68C6C /* MyCenterTableViewController.m in Sources */,
				FD29B3771C112FDC00B68C6C /* NSObject+LYTypeConversion.m in Sources */,
				FD29B3821C1130BC00B68C6C /* BaseModel.m in Sources */,
				FD29B37F1C112FDC00B68C6C /* UIView+MJExtension.m in Sources */,
				FD29B37C1C112FDC00B68C6C /* MJRefreshHeaderView.m in Sources */,
				FD29B37B1C112FDC00B68C6C /* MJRefreshFooterView.m in Sources */,
				FD29B3D11C116DF600B68C6C /* FinanceViewController.m in Sources */,
				FD9686E11C1AEA8600D7F778 /* MineViewController.m in Sources */,
				FDF532261C13C5F900B779E6 /* DistributionResController.m in Sources */,
				FD29B3791C112FDC00B68C6C /* MJRefreshBaseView.m in Sources */,
				FD29B3551C111C4A00B68C6C /* AppDelegate.m in Sources */,
				FD4BA8D31C128F3C00A69F90 /* MySettingTableViewController.m in Sources */,
				FD29B38F1C1135DC00B68C6C /* AroundViewController.m in Sources */,
				FD4BA8E61C13141B00A69F90 /* Yingying.m in Sources */,
				FD29B3D61C11727600B68C6C /* FinanceBillController.m in Sources */,
				FD405F341C1903A600DB6F0A /* LYBaseNavigationController.m in Sources */,
				FD405F701C1917C100DB6F0A /* LYColor.m in Sources */,
				FD405F2E1C16C23D00DB6F0A /* PersonalHomePageController.m in Sources */,
				FD90EF561C158975005545DF /* LoginViewController.m in Sources */,
				FD29B35B1C111C4A00B68C6C /* main.m in Sources */,
				FD4BA8C81C127E6700A69F90 /* MyMessageTableViewController.m in Sources */,
				FD21CFA61C1BC09200CF8550 /* ChatListController.m in Sources */,
				FD29B3C31C1159D800B68C6C /* AroundMapController.m in Sources */,
				FD29B37E1C112FDC00B68C6C /* UIScrollView+MJRefresh.m in Sources */,
				FD21CFA31C1BBFCC00CF8550 /* CDUserFactory.m in Sources */,
				FD4BA8CC1C12834400A69F90 /* MyLoanController.m in Sources */,
				FDF532251C13C5F900B779E6 /* DistributionMoodController.m in Sources */,
				FD29B37A1C112FDC00B68C6C /* MJRefreshConst.m in Sources */,
				FD9686DB1C1AE42800D7F778 /* AroundPayController.m in Sources */,
				FD29B3E01C1194CC00B68C6C /* MyCashViewController.m in Sources */,
				FD4BA8C51C11C5DE00A69F90 /* MyInvestmentViewController.m in Sources */,
				FD29B3C21C1159D800B68C6C /* AroundMessageController.m in Sources */,
				FD9A8EF01C193B5B00D9EC9C /* LYAnnotationView.m in Sources */,
				FD4BA8D91C12F5B500A69F90 /* NSObject+LYUITipsView.m in Sources */,
				FD4BA8DC1C13075A00A69F90 /* AroundMessageDetailController.m in Sources */,
				FD405F311C182E2A00DB6F0A /* PersonalHomePageViewModel.m in Sources */,
				FDA679BD1C1A7D5100FC8D9F /* DistributionResViewModel.m in Sources */,
				FD29B3751C112FDC00B68C6C /* LYTypeEncoding.m in Sources */,
				FD4BA8CF1C12841700A69F90 /* MyLoanDetailController.m in Sources */,
				FD29B3591C111C4A00B68C6C /* FirstViewController.m in Sources */,
				FD4799F11C1A78DE00ED3D62 /* LYBaseImageViewController.m in Sources */,
				FD4BA8E01C13135500A69F90 /* MyTransferTableViewController.m in Sources */,
				FD29B3761C112FDC00B68C6C /* NSDictionary+LYDictToObject.m in Sources */,
				FD29B3D91C1173B500B68C6C /* YingPlanTableViewController.m in Sources */,
				FD29B3B21C113BC600B68C6C /* ForMap.mm in Sources */,
				FD405F371C19061A00DB6F0A /* LYBaseTabBarController.m in Sources */,
				FD4799F41C1A7A5100ED3D62 /* LYBaseSelectImageView.m in Sources */,
				FD4BA8E31C13139C00A69F90 /* MyTransferViewModel.m in Sources */,
			);
			runOnlyForDeploymentPostprocessing = 0;
		};
		FD29B3211C111B9100B68C6C /* Sources */ = {
			isa = PBXSourcesBuildPhase;
			buildActionMask = 2147483647;
			files = (
				FD29B32A1C111B9100B68C6C /* YingyingTests.m in Sources */,
			);
			runOnlyForDeploymentPostprocessing = 0;
		};
		FD29B32C1C111B9100B68C6C /* Sources */ = {
			isa = PBXSourcesBuildPhase;
			buildActionMask = 2147483647;
			files = (
				FD29B3351C111B9100B68C6C /* YingyingUITests.m in Sources */,
			);
			runOnlyForDeploymentPostprocessing = 0;
		};
/* End PBXSourcesBuildPhase section */

/* Begin PBXTargetDependency section */
		FD29B3271C111B9100B68C6C /* PBXTargetDependency */ = {
			isa = PBXTargetDependency;
			target = FD29B3081C111B9100B68C6C /* Yingying */;
			targetProxy = FD29B3261C111B9100B68C6C /* PBXContainerItemProxy */;
		};
		FD29B3321C111B9100B68C6C /* PBXTargetDependency */ = {
			isa = PBXTargetDependency;
			target = FD29B3081C111B9100B68C6C /* Yingying */;
			targetProxy = FD29B3311C111B9100B68C6C /* PBXContainerItemProxy */;
		};
/* End PBXTargetDependency section */

/* Begin PBXVariantGroup section */
		FD29B34A1C111C4A00B68C6C /* LaunchScreen.storyboard */ = {
			isa = PBXVariantGroup;
			children = (
				FD29B34B1C111C4A00B68C6C /* Base */,
			);
			name = LaunchScreen.storyboard;
			sourceTree = "<group>";
		};
		FD29B34C1C111C4A00B68C6C /* Main.storyboard */ = {
			isa = PBXVariantGroup;
			children = (
				FD29B34D1C111C4A00B68C6C /* Base */,
			);
			name = Main.storyboard;
			path = "../supporting files";
			sourceTree = "<group>";
		};
/* End PBXVariantGroup section */

/* Begin XCBuildConfiguration section */
		FD29B3371C111B9100B68C6C /* Debug */ = {
			isa = XCBuildConfiguration;
			buildSettings = {
				ALWAYS_SEARCH_USER_PATHS = NO;
				CLANG_CXX_LANGUAGE_STANDARD = "gnu++0x";
				CLANG_CXX_LIBRARY = "libc++";
				CLANG_ENABLE_MODULES = YES;
				CLANG_ENABLE_OBJC_ARC = YES;
				CLANG_WARN_BOOL_CONVERSION = YES;
				CLANG_WARN_CONSTANT_CONVERSION = YES;
				CLANG_WARN_DIRECT_OBJC_ISA_USAGE = YES_ERROR;
				CLANG_WARN_EMPTY_BODY = YES;
				CLANG_WARN_ENUM_CONVERSION = YES;
				CLANG_WARN_INT_CONVERSION = YES;
				CLANG_WARN_OBJC_ROOT_CLASS = YES_ERROR;
				CLANG_WARN_UNREACHABLE_CODE = YES;
				CLANG_WARN__DUPLICATE_METHOD_MATCH = YES;
				"CODE_SIGN_IDENTITY[sdk=iphoneos*]" = "iPhone Developer";
				COPY_PHASE_STRIP = NO;
				DEBUG_INFORMATION_FORMAT = dwarf;
				ENABLE_STRICT_OBJC_MSGSEND = YES;
				ENABLE_TESTABILITY = YES;
				GCC_C_LANGUAGE_STANDARD = gnu99;
				GCC_DYNAMIC_NO_PIC = NO;
				GCC_NO_COMMON_BLOCKS = YES;
				GCC_OPTIMIZATION_LEVEL = 0;
				GCC_PREPROCESSOR_DEFINITIONS = (
					"DEBUG=1",
					"$(inherited)",
				);
				GCC_WARN_64_TO_32_BIT_CONVERSION = YES;
				GCC_WARN_ABOUT_RETURN_TYPE = YES_ERROR;
				GCC_WARN_UNDECLARED_SELECTOR = YES;
				GCC_WARN_UNINITIALIZED_AUTOS = YES_AGGRESSIVE;
				GCC_WARN_UNUSED_FUNCTION = YES;
				GCC_WARN_UNUSED_VARIABLE = YES;
				IPHONEOS_DEPLOYMENT_TARGET = 8.0;
				MTL_ENABLE_DEBUG_INFO = YES;
				ONLY_ACTIVE_ARCH = YES;
				SDKROOT = iphoneos;
			};
			name = Debug;
		};
		FD29B3381C111B9100B68C6C /* Release */ = {
			isa = XCBuildConfiguration;
			buildSettings = {
				ALWAYS_SEARCH_USER_PATHS = NO;
				CLANG_CXX_LANGUAGE_STANDARD = "gnu++0x";
				CLANG_CXX_LIBRARY = "libc++";
				CLANG_ENABLE_MODULES = YES;
				CLANG_ENABLE_OBJC_ARC = YES;
				CLANG_WARN_BOOL_CONVERSION = YES;
				CLANG_WARN_CONSTANT_CONVERSION = YES;
				CLANG_WARN_DIRECT_OBJC_ISA_USAGE = YES_ERROR;
				CLANG_WARN_EMPTY_BODY = YES;
				CLANG_WARN_ENUM_CONVERSION = YES;
				CLANG_WARN_INT_CONVERSION = YES;
				CLANG_WARN_OBJC_ROOT_CLASS = YES_ERROR;
				CLANG_WARN_UNREACHABLE_CODE = YES;
				CLANG_WARN__DUPLICATE_METHOD_MATCH = YES;
				"CODE_SIGN_IDENTITY[sdk=iphoneos*]" = "iPhone Developer";
				COPY_PHASE_STRIP = NO;
				DEBUG_INFORMATION_FORMAT = "dwarf-with-dsym";
				ENABLE_NS_ASSERTIONS = NO;
				ENABLE_STRICT_OBJC_MSGSEND = YES;
				GCC_C_LANGUAGE_STANDARD = gnu99;
				GCC_NO_COMMON_BLOCKS = YES;
				GCC_WARN_64_TO_32_BIT_CONVERSION = YES;
				GCC_WARN_ABOUT_RETURN_TYPE = YES_ERROR;
				GCC_WARN_UNDECLARED_SELECTOR = YES;
				GCC_WARN_UNINITIALIZED_AUTOS = YES_AGGRESSIVE;
				GCC_WARN_UNUSED_FUNCTION = YES;
				GCC_WARN_UNUSED_VARIABLE = YES;
				IPHONEOS_DEPLOYMENT_TARGET = 8.0;
				MTL_ENABLE_DEBUG_INFO = NO;
				SDKROOT = iphoneos;
				VALIDATE_PRODUCT = YES;
			};
			name = Release;
		};
		FD29B33A1C111B9100B68C6C /* Debug */ = {
			isa = XCBuildConfiguration;
			baseConfigurationReference = 560E10B102FADF679D47C07C /* Pods.debug.xcconfig */;
			buildSettings = {
				ASSETCATALOG_COMPILER_APPICON_NAME = AppIcon;
				ENABLE_BITCODE = NO;
				FRAMEWORK_SEARCH_PATHS = (
					"$(inherited)",
					"$(PROJECT_DIR)/Yingying/extension/BaiduMap",
				);
				INFOPLIST_FILE = "Yingying/supporting files/Info.plist";
				LD_RUNPATH_SEARCH_PATHS = "$(inherited) @executable_path/Frameworks";
				LIBRARY_SEARCH_PATHS = (
					"$(inherited)",
					"$(PROJECT_DIR)/build/Debug-iphoneos",
				);
				PRODUCT_BUNDLE_IDENTIFIER = loying.lin.Yingying;
				PRODUCT_NAME = "$(TARGET_NAME)";
			};
			name = Debug;
		};
		FD29B33B1C111B9100B68C6C /* Release */ = {
			isa = XCBuildConfiguration;
			baseConfigurationReference = 2E25BA45A4DE8BEE871D6E1F /* Pods.release.xcconfig */;
			buildSettings = {
				ASSETCATALOG_COMPILER_APPICON_NAME = AppIcon;
				ENABLE_BITCODE = NO;
				FRAMEWORK_SEARCH_PATHS = (
					"$(inherited)",
					"$(PROJECT_DIR)/Yingying/extension/BaiduMap",
				);
				INFOPLIST_FILE = "Yingying/supporting files/Info.plist";
				LD_RUNPATH_SEARCH_PATHS = "$(inherited) @executable_path/Frameworks";
				LIBRARY_SEARCH_PATHS = (
					"$(inherited)",
					"$(PROJECT_DIR)/build/Debug-iphoneos",
				);
				PRODUCT_BUNDLE_IDENTIFIER = loying.lin.Yingying;
				PRODUCT_NAME = "$(TARGET_NAME)";
			};
			name = Release;
		};
		FD29B33D1C111B9100B68C6C /* Debug */ = {
			isa = XCBuildConfiguration;
			buildSettings = {
				BUNDLE_LOADER = "$(TEST_HOST)";
				INFOPLIST_FILE = YingyingTests/Info.plist;
				LD_RUNPATH_SEARCH_PATHS = "$(inherited) @executable_path/Frameworks @loader_path/Frameworks";
				PRODUCT_BUNDLE_IDENTIFIER = loying.lin.YingyingTests;
				PRODUCT_NAME = "$(TARGET_NAME)";
				TEST_HOST = "$(BUILT_PRODUCTS_DIR)/Yingying.app/Yingying";
			};
			name = Debug;
		};
		FD29B33E1C111B9100B68C6C /* Release */ = {
			isa = XCBuildConfiguration;
			buildSettings = {
				BUNDLE_LOADER = "$(TEST_HOST)";
				INFOPLIST_FILE = YingyingTests/Info.plist;
				LD_RUNPATH_SEARCH_PATHS = "$(inherited) @executable_path/Frameworks @loader_path/Frameworks";
				PRODUCT_BUNDLE_IDENTIFIER = loying.lin.YingyingTests;
				PRODUCT_NAME = "$(TARGET_NAME)";
				TEST_HOST = "$(BUILT_PRODUCTS_DIR)/Yingying.app/Yingying";
			};
			name = Release;
		};
		FD29B3401C111B9100B68C6C /* Debug */ = {
			isa = XCBuildConfiguration;
			buildSettings = {
				INFOPLIST_FILE = YingyingUITests/Info.plist;
				LD_RUNPATH_SEARCH_PATHS = "$(inherited) @executable_path/Frameworks @loader_path/Frameworks";
				PRODUCT_BUNDLE_IDENTIFIER = loying.lin.YingyingUITests;
				PRODUCT_NAME = "$(TARGET_NAME)";
				TEST_TARGET_NAME = Yingying;
				USES_XCTRUNNER = YES;
			};
			name = Debug;
		};
		FD29B3411C111B9100B68C6C /* Release */ = {
			isa = XCBuildConfiguration;
			buildSettings = {
				INFOPLIST_FILE = YingyingUITests/Info.plist;
				LD_RUNPATH_SEARCH_PATHS = "$(inherited) @executable_path/Frameworks @loader_path/Frameworks";
				PRODUCT_BUNDLE_IDENTIFIER = loying.lin.YingyingUITests;
				PRODUCT_NAME = "$(TARGET_NAME)";
				TEST_TARGET_NAME = Yingying;
				USES_XCTRUNNER = YES;
			};
			name = Release;
		};
/* End XCBuildConfiguration section */

/* Begin XCConfigurationList section */
		FD29B3041C111B9000B68C6C /* Build configuration list for PBXProject "Yingying" */ = {
			isa = XCConfigurationList;
			buildConfigurations = (
				FD29B3371C111B9100B68C6C /* Debug */,
				FD29B3381C111B9100B68C6C /* Release */,
			);
			defaultConfigurationIsVisible = 0;
			defaultConfigurationName = Release;
		};
		FD29B3391C111B9100B68C6C /* Build configuration list for PBXNativeTarget "Yingying" */ = {
			isa = XCConfigurationList;
			buildConfigurations = (
				FD29B33A1C111B9100B68C6C /* Debug */,
				FD29B33B1C111B9100B68C6C /* Release */,
			);
			defaultConfigurationIsVisible = 0;
			defaultConfigurationName = Release;
		};
		FD29B33C1C111B9100B68C6C /* Build configuration list for PBXNativeTarget "YingyingTests" */ = {
			isa = XCConfigurationList;
			buildConfigurations = (
				FD29B33D1C111B9100B68C6C /* Debug */,
				FD29B33E1C111B9100B68C6C /* Release */,
			);
			defaultConfigurationIsVisible = 0;
			defaultConfigurationName = Release;
		};
		FD29B33F1C111B9100B68C6C /* Build configuration list for PBXNativeTarget "YingyingUITests" */ = {
			isa = XCConfigurationList;
			buildConfigurations = (
				FD29B3401C111B9100B68C6C /* Debug */,
				FD29B3411C111B9100B68C6C /* Release */,
			);
			defaultConfigurationIsVisible = 0;
			defaultConfigurationName = Release;
		};
/* End XCConfigurationList section */
	};
	rootObject = FD29B3011C111B9000B68C6C /* Project object */;
}
